// !$*UTF8*$!
{
	archiveVersion = 1;
	classes = {
	};
	objectVersion = 46;
	objects = {

/* Begin PBXBuildFile section */
		4D0EB7C31B47A88C0019FD21 /* main.m in Sources */ = {isa = PBXBuildFile; fileRef = 4D0EB7C21B47A88C0019FD21 /* main.m */; };
		4D0EB7C61B47A88C0019FD21 /* AppDelegate.m in Sources */ = {isa = PBXBuildFile; fileRef = 4D0EB7C51B47A88C0019FD21 /* AppDelegate.m */; };
		4D0EB7C91B47A88C0019FD21 /* ViewController.m in Sources */ = {isa = PBXBuildFile; fileRef = 4D0EB7C81B47A88C0019FD21 /* ViewController.m */; };
		4D0EB7CC1B47A88C0019FD21 /* Main.storyboard in Resources */ = {isa = PBXBuildFile; fileRef = 4D0EB7CA1B47A88C0019FD21 /* Main.storyboard */; };
		4D0EB7CE1B47A88C0019FD21 /* Images.xcassets in Resources */ = {isa = PBXBuildFile; fileRef = 4D0EB7CD1B47A88C0019FD21 /* Images.xcassets */; };
		4D0EB7D11B47A88C0019FD21 /* LaunchScreen.xib in Resources */ = {isa = PBXBuildFile; fileRef = 4D0EB7CF1B47A88C0019FD21 /* LaunchScreen.xib */; };
		4D0EB7DD1B47A88C0019FD21 /* HelloSensorsAnalyticsTests.m in Sources */ = {isa = PBXBuildFile; fileRef = 4D0EB7DC1B47A88C0019FD21 /* HelloSensorsAnalyticsTests.m */; };
		4D14F16C1B47D4EB006AD786 /* SensorsAnalyticsSDK.h in Headers */ = {isa = PBXBuildFile; fileRef = 4D5CA77A1B43E92D00D7ACB7 /* SensorsAnalyticsSDK.h */; settings = {ATTRIBUTES = (Public, ); }; };
		4D14F16E1B47D5E2006AD786 /* SensorsAnalyticsSDK.m in Sources */ = {isa = PBXBuildFile; fileRef = 4D5CA77C1B43E92D00D7ACB7 /* SensorsAnalyticsSDK.m */; };
		4D14F1711B4A51B7006AD786 /* LFCGzipUtility.h in Headers */ = {isa = PBXBuildFile; fileRef = 4D14F16F1B4A51B7006AD786 /* LFCGzipUtility.h */; };
		4D14F1721B4A51B7006AD786 /* LFCGzipUtility.m in Sources */ = {isa = PBXBuildFile; fileRef = 4D14F1701B4A51B7006AD786 /* LFCGzipUtility.m */; };
		4D14F1741B4A5469006AD786 /* LFCGzipUtility.m in Sources */ = {isa = PBXBuildFile; fileRef = 4D14F1701B4A51B7006AD786 /* LFCGzipUtility.m */; };
		4D14F1761B4A54AB006AD786 /* libz.dylib in Frameworks */ = {isa = PBXBuildFile; fileRef = 4D14F1751B4A54AB006AD786 /* libz.dylib */; };
		4D14F17E1B4A7A32006AD786 /* SALogger.h in Headers */ = {isa = PBXBuildFile; fileRef = 4D14F17C1B4A7A32006AD786 /* SALogger.h */; };
		4D14F1811B4A7B15006AD786 /* NSData+MPBase64.h in Headers */ = {isa = PBXBuildFile; fileRef = 4D14F17F1B4A7B15006AD786 /* NSData+MPBase64.h */; };
		4D14F1821B4A7B15006AD786 /* NSData+MPBase64.m in Sources */ = {isa = PBXBuildFile; fileRef = 4D14F1801B4A7B15006AD786 /* NSData+MPBase64.m */; };
		4D14F1861B4A7FE7006AD786 /* SensorsAnalyticsSDKTests.m in Sources */ = {isa = PBXBuildFile; fileRef = 4D14F1851B4A7FE7006AD786 /* SensorsAnalyticsSDKTests.m */; };
		4D14F1871B4A80EA006AD786 /* NSData+MPBase64.m in Sources */ = {isa = PBXBuildFile; fileRef = 4D14F1801B4A7B15006AD786 /* NSData+MPBase64.m */; };
		4D14F1881B4A80EA006AD786 /* LFCGzipUtility.m in Sources */ = {isa = PBXBuildFile; fileRef = 4D14F1701B4A51B7006AD786 /* LFCGzipUtility.m */; };
		4D14F1891B4A810F006AD786 /* libz.dylib in Frameworks */ = {isa = PBXBuildFile; fileRef = 4D14F1751B4A54AB006AD786 /* libz.dylib */; };
		4D14F18A1B4A8132006AD786 /* SensorsAnalyticsSDK.m in Sources */ = {isa = PBXBuildFile; fileRef = 4D5CA77C1B43E92D00D7ACB7 /* SensorsAnalyticsSDK.m */; };
		4D1EFDD11B4BB2420008D3EA /* JSONUtil.m in Sources */ = {isa = PBXBuildFile; fileRef = 4D2AF15B1B4BAE77007716F8 /* JSONUtil.m */; };
		4D1EFDD31B4BB2580008D3EA /* libsqlite3.dylib in Frameworks */ = {isa = PBXBuildFile; fileRef = 4D1EFDD21B4BB2580008D3EA /* libsqlite3.dylib */; };
		4D1EFDD41B4BC68A0008D3EA /* libsqlite3.dylib in Frameworks */ = {isa = PBXBuildFile; fileRef = 4D1EFDD21B4BB2580008D3EA /* libsqlite3.dylib */; };
		4D1EFDD51B4BC6930008D3EA /* MessageQueueBySqlite.m in Sources */ = {isa = PBXBuildFile; fileRef = 4DBA6FA21B4B9B9C004F0ADB /* MessageQueueBySqlite.m */; };
		4D1EFDD61B4BC6930008D3EA /* JSONUtil.m in Sources */ = {isa = PBXBuildFile; fileRef = 4D2AF15B1B4BAE77007716F8 /* JSONUtil.m */; };
		4D26473E1B63E1FD00410DDE /* SensorsAnalyticsException.h in Headers */ = {isa = PBXBuildFile; fileRef = 4D26473C1B63E1FD00410DDE /* SensorsAnalyticsException.h */; };
		4D26473F1B63E1FD00410DDE /* SensorsAnalyticsException.m in Sources */ = {isa = PBXBuildFile; fileRef = 4D26473D1B63E1FD00410DDE /* SensorsAnalyticsException.m */; };
		4D2647401B63E34400410DDE /* SensorsAnalyticsException.m in Sources */ = {isa = PBXBuildFile; fileRef = 4D26473D1B63E1FD00410DDE /* SensorsAnalyticsException.m */; };
		4D2AF15C1B4BAE77007716F8 /* JSONUtil.h in Headers */ = {isa = PBXBuildFile; fileRef = 4D2AF15A1B4BAE77007716F8 /* JSONUtil.h */; };
		4D2AF15D1B4BAE77007716F8 /* JSONUtil.m in Sources */ = {isa = PBXBuildFile; fileRef = 4D2AF15B1B4BAE77007716F8 /* JSONUtil.m */; };
		4D5CA77B1B43E92D00D7ACB7 /* SensorsAnalyticsSDK.h in CopyFiles */ = {isa = PBXBuildFile; fileRef = 4D5CA77A1B43E92D00D7ACB7 /* SensorsAnalyticsSDK.h */; };
		4D5CA77D1B43E92D00D7ACB7 /* SensorsAnalyticsSDK.m in Sources */ = {isa = PBXBuildFile; fileRef = 4D5CA77C1B43E92D00D7ACB7 /* SensorsAnalyticsSDK.m */; };
		4DBA6FA01B4B8DC4004F0ADB /* NSData+MPBase64.m in Sources */ = {isa = PBXBuildFile; fileRef = 4D14F1801B4A7B15006AD786 /* NSData+MPBase64.m */; };
		4DBA6FA31B4B9B9C004F0ADB /* MessageQueueBySqlite.h in Headers */ = {isa = PBXBuildFile; fileRef = 4DBA6FA11B4B9B9C004F0ADB /* MessageQueueBySqlite.h */; };
		4DBA6FA41B4B9B9C004F0ADB /* MessageQueueBySqlite.m in Sources */ = {isa = PBXBuildFile; fileRef = 4DBA6FA21B4B9B9C004F0ADB /* MessageQueueBySqlite.m */; };
		4DBA6FA51B4BAB67004F0ADB /* MessageQueueBySqlite.m in Sources */ = {isa = PBXBuildFile; fileRef = 4DBA6FA21B4B9B9C004F0ADB /* MessageQueueBySqlite.m */; };
/* End PBXBuildFile section */

/* Begin PBXContainerItemProxy section */
		4D0EB7D71B47A88C0019FD21 /* PBXContainerItemProxy */ = {
			isa = PBXContainerItemProxy;
			containerPortal = 4D5CA76F1B43E92D00D7ACB7 /* Project object */;
			proxyType = 1;
			remoteGlobalIDString = 4D0EB7BD1B47A88C0019FD21;
			remoteInfo = HelloSensorsAnalytics;
		};
		4D5CA7841B43E92D00D7ACB7 /* PBXContainerItemProxy */ = {
			isa = PBXContainerItemProxy;
			containerPortal = 4D5CA76F1B43E92D00D7ACB7 /* Project object */;
			proxyType = 1;
			remoteGlobalIDString = 4D5CA7761B43E92D00D7ACB7;
			remoteInfo = SensorsAnalyticsSDK;
		};
/* End PBXContainerItemProxy section */

/* Begin PBXCopyFilesBuildPhase section */
		4D5CA7751B43E92D00D7ACB7 /* CopyFiles */ = {
			isa = PBXCopyFilesBuildPhase;
			buildActionMask = 2147483647;
			dstPath = "include/$(PRODUCT_NAME)";
			dstSubfolderSpec = 16;
			files = (
				4D5CA77B1B43E92D00D7ACB7 /* SensorsAnalyticsSDK.h in CopyFiles */,
			);
			runOnlyForDeploymentPostprocessing = 0;
		};
/* End PBXCopyFilesBuildPhase section */

/* Begin PBXFileReference section */
		4D0EB7BE1B47A88C0019FD21 /* HelloSensorsAnalytics.app */ = {isa = PBXFileReference; explicitFileType = wrapper.application; includeInIndex = 0; path = HelloSensorsAnalytics.app; sourceTree = BUILT_PRODUCTS_DIR; };
		4D0EB7C11B47A88C0019FD21 /* Info.plist */ = {isa = PBXFileReference; lastKnownFileType = text.plist.xml; path = Info.plist; sourceTree = "<group>"; };
		4D0EB7C21B47A88C0019FD21 /* main.m */ = {isa = PBXFileReference; lastKnownFileType = sourcecode.c.objc; path = main.m; sourceTree = "<group>"; };
		4D0EB7C41B47A88C0019FD21 /* AppDelegate.h */ = {isa = PBXFileReference; lastKnownFileType = sourcecode.c.h; path = AppDelegate.h; sourceTree = "<group>"; };
		4D0EB7C51B47A88C0019FD21 /* AppDelegate.m */ = {isa = PBXFileReference; lastKnownFileType = sourcecode.c.objc; path = AppDelegate.m; sourceTree = "<group>"; };
		4D0EB7C71B47A88C0019FD21 /* ViewController.h */ = {isa = PBXFileReference; lastKnownFileType = sourcecode.c.h; path = ViewController.h; sourceTree = "<group>"; };
		4D0EB7C81B47A88C0019FD21 /* ViewController.m */ = {isa = PBXFileReference; lastKnownFileType = sourcecode.c.objc; path = ViewController.m; sourceTree = "<group>"; };
		4D0EB7CB1B47A88C0019FD21 /* Base */ = {isa = PBXFileReference; lastKnownFileType = file.storyboard; name = Base; path = Base.lproj/Main.storyboard; sourceTree = "<group>"; };
		4D0EB7CD1B47A88C0019FD21 /* Images.xcassets */ = {isa = PBXFileReference; lastKnownFileType = folder.assetcatalog; path = Images.xcassets; sourceTree = "<group>"; };
		4D0EB7D01B47A88C0019FD21 /* Base */ = {isa = PBXFileReference; lastKnownFileType = file.xib; name = Base; path = Base.lproj/LaunchScreen.xib; sourceTree = "<group>"; };
		4D0EB7D61B47A88C0019FD21 /* HelloSensorsAnalyticsTests.xctest */ = {isa = PBXFileReference; explicitFileType = wrapper.cfbundle; includeInIndex = 0; path = HelloSensorsAnalyticsTests.xctest; sourceTree = BUILT_PRODUCTS_DIR; };
		4D0EB7DB1B47A88C0019FD21 /* Info.plist */ = {isa = PBXFileReference; lastKnownFileType = text.plist.xml; path = Info.plist; sourceTree = "<group>"; };
		4D0EB7DC1B47A88C0019FD21 /* HelloSensorsAnalyticsTests.m */ = {isa = PBXFileReference; lastKnownFileType = sourcecode.c.objc; path = HelloSensorsAnalyticsTests.m; sourceTree = "<group>"; };
		4D14F16F1B4A51B7006AD786 /* LFCGzipUtility.h */ = {isa = PBXFileReference; fileEncoding = 4; lastKnownFileType = sourcecode.c.h; path = LFCGzipUtility.h; sourceTree = "<group>"; };
		4D14F1701B4A51B7006AD786 /* LFCGzipUtility.m */ = {isa = PBXFileReference; fileEncoding = 4; lastKnownFileType = sourcecode.c.objc; path = LFCGzipUtility.m; sourceTree = "<group>"; };
		4D14F1751B4A54AB006AD786 /* libz.dylib */ = {isa = PBXFileReference; lastKnownFileType = "compiled.mach-o.dylib"; name = libz.dylib; path = usr/lib/libz.dylib; sourceTree = SDKROOT; };
		4D14F17C1B4A7A32006AD786 /* SALogger.h */ = {isa = PBXFileReference; fileEncoding = 4; lastKnownFileType = sourcecode.c.h; path = SALogger.h; sourceTree = "<group>"; };
		4D14F17F1B4A7B15006AD786 /* NSData+MPBase64.h */ = {isa = PBXFileReference; fileEncoding = 4; lastKnownFileType = sourcecode.c.h; path = "NSData+MPBase64.h"; sourceTree = "<group>"; };
		4D14F1801B4A7B15006AD786 /* NSData+MPBase64.m */ = {isa = PBXFileReference; fileEncoding = 4; lastKnownFileType = sourcecode.c.objc; path = "NSData+MPBase64.m"; sourceTree = "<group>"; };
		4D14F1851B4A7FE7006AD786 /* SensorsAnalyticsSDKTests.m */ = {isa = PBXFileReference; fileEncoding = 4; lastKnownFileType = sourcecode.c.objc; path = SensorsAnalyticsSDKTests.m; sourceTree = "<group>"; };
		4D1EFDD21B4BB2580008D3EA /* libsqlite3.dylib */ = {isa = PBXFileReference; lastKnownFileType = "compiled.mach-o.dylib"; name = libsqlite3.dylib; path = usr/lib/libsqlite3.dylib; sourceTree = SDKROOT; };
		4D26473C1B63E1FD00410DDE /* SensorsAnalyticsException.h */ = {isa = PBXFileReference; fileEncoding = 4; lastKnownFileType = sourcecode.c.h; path = SensorsAnalyticsException.h; sourceTree = "<group>"; };
		4D26473D1B63E1FD00410DDE /* SensorsAnalyticsException.m */ = {isa = PBXFileReference; fileEncoding = 4; lastKnownFileType = sourcecode.c.objc; path = SensorsAnalyticsException.m; sourceTree = "<group>"; };
		4D2AF15A1B4BAE77007716F8 /* JSONUtil.h */ = {isa = PBXFileReference; fileEncoding = 4; lastKnownFileType = sourcecode.c.h; path = JSONUtil.h; sourceTree = "<group>"; };
		4D2AF15B1B4BAE77007716F8 /* JSONUtil.m */ = {isa = PBXFileReference; fileEncoding = 4; lastKnownFileType = sourcecode.c.objc; path = JSONUtil.m; sourceTree = "<group>"; };
		4D5CA7771B43E92D00D7ACB7 /* libSensorsAnalyticsSDK.a */ = {isa = PBXFileReference; explicitFileType = archive.ar; includeInIndex = 0; path = libSensorsAnalyticsSDK.a; sourceTree = BUILT_PRODUCTS_DIR; };
		4D5CA77A1B43E92D00D7ACB7 /* SensorsAnalyticsSDK.h */ = {isa = PBXFileReference; lastKnownFileType = sourcecode.c.h; path = SensorsAnalyticsSDK.h; sourceTree = "<group>"; };
		4D5CA77C1B43E92D00D7ACB7 /* SensorsAnalyticsSDK.m */ = {isa = PBXFileReference; lastKnownFileType = sourcecode.c.objc; path = SensorsAnalyticsSDK.m; sourceTree = "<group>"; };
		4D5CA7821B43E92D00D7ACB7 /* SensorsAnalyticsSDKTests.xctest */ = {isa = PBXFileReference; explicitFileType = wrapper.cfbundle; includeInIndex = 0; path = SensorsAnalyticsSDKTests.xctest; sourceTree = BUILT_PRODUCTS_DIR; };
		4D5CA7881B43E92D00D7ACB7 /* Info.plist */ = {isa = PBXFileReference; lastKnownFileType = text.plist.xml; path = Info.plist; sourceTree = "<group>"; };
		4DBA6FA11B4B9B9C004F0ADB /* MessageQueueBySqlite.h */ = {isa = PBXFileReference; fileEncoding = 4; lastKnownFileType = sourcecode.c.h; path = MessageQueueBySqlite.h; sourceTree = "<group>"; };
		4DBA6FA21B4B9B9C004F0ADB /* MessageQueueBySqlite.m */ = {isa = PBXFileReference; fileEncoding = 4; lastKnownFileType = sourcecode.c.objc; path = MessageQueueBySqlite.m; sourceTree = "<group>"; };
/* End PBXFileReference section */

/* Begin PBXFrameworksBuildPhase section */
		4D0EB7BB1B47A88C0019FD21 /* Frameworks */ = {
			isa = PBXFrameworksBuildPhase;
			buildActionMask = 2147483647;
			files = (
				4D1EFDD41B4BC68A0008D3EA /* libsqlite3.dylib in Frameworks */,
				4D14F1761B4A54AB006AD786 /* libz.dylib in Frameworks */,
			);
			runOnlyForDeploymentPostprocessing = 0;
		};
		4D0EB7D31B47A88C0019FD21 /* Frameworks */ = {
			isa = PBXFrameworksBuildPhase;
			buildActionMask = 2147483647;
			files = (
			);
			runOnlyForDeploymentPostprocessing = 0;
		};
		4D5CA7741B43E92D00D7ACB7 /* Frameworks */ = {
			isa = PBXFrameworksBuildPhase;
			buildActionMask = 2147483647;
			files = (
			);
			runOnlyForDeploymentPostprocessing = 0;
		};
		4D5CA77F1B43E92D00D7ACB7 /* Frameworks */ = {
			isa = PBXFrameworksBuildPhase;
			buildActionMask = 2147483647;
			files = (
				4D1EFDD31B4BB2580008D3EA /* libsqlite3.dylib in Frameworks */,
				4D14F1891B4A810F006AD786 /* libz.dylib in Frameworks */,
			);
			runOnlyForDeploymentPostprocessing = 0;
		};
/* End PBXFrameworksBuildPhase section */

/* Begin PBXGroup section */
		4D0EB7BF1B47A88C0019FD21 /* HelloSensorsAnalytics */ = {
			isa = PBXGroup;
			children = (
				4D0EB7C41B47A88C0019FD21 /* AppDelegate.h */,
				4D0EB7C51B47A88C0019FD21 /* AppDelegate.m */,
				4D0EB7C71B47A88C0019FD21 /* ViewController.h */,
				4D0EB7C81B47A88C0019FD21 /* ViewController.m */,
				4D0EB7CA1B47A88C0019FD21 /* Main.storyboard */,
				4D0EB7CD1B47A88C0019FD21 /* Images.xcassets */,
				4D0EB7CF1B47A88C0019FD21 /* LaunchScreen.xib */,
				4D0EB7C01B47A88C0019FD21 /* Supporting Files */,
			);
			path = HelloSensorsAnalytics;
			sourceTree = "<group>";
		};
		4D0EB7C01B47A88C0019FD21 /* Supporting Files */ = {
			isa = PBXGroup;
			children = (
				4D0EB7C11B47A88C0019FD21 /* Info.plist */,
				4D0EB7C21B47A88C0019FD21 /* main.m */,
			);
			name = "Supporting Files";
			sourceTree = "<group>";
		};
		4D0EB7D91B47A88C0019FD21 /* HelloSensorsAnalyticsTests */ = {
			isa = PBXGroup;
			children = (
				4D0EB7DC1B47A88C0019FD21 /* HelloSensorsAnalyticsTests.m */,
				4D0EB7DA1B47A88C0019FD21 /* Supporting Files */,
			);
			path = HelloSensorsAnalyticsTests;
			sourceTree = "<group>";
		};
		4D0EB7DA1B47A88C0019FD21 /* Supporting Files */ = {
			isa = PBXGroup;
			children = (
				4D0EB7DB1B47A88C0019FD21 /* Info.plist */,
			);
			name = "Supporting Files";
			sourceTree = "<group>";
		};
		4D5CA76E1B43E92D00D7ACB7 = {
			isa = PBXGroup;
			children = (
				4D1EFDD21B4BB2580008D3EA /* libsqlite3.dylib */,
				4D14F1751B4A54AB006AD786 /* libz.dylib */,
				4D5CA7791B43E92D00D7ACB7 /* SensorsAnalyticsSDK */,
				4D5CA7861B43E92D00D7ACB7 /* SensorsAnalyticsSDKTests */,
				4D0EB7BF1B47A88C0019FD21 /* HelloSensorsAnalytics */,
				4D0EB7D91B47A88C0019FD21 /* HelloSensorsAnalyticsTests */,
				4D5CA7781B43E92D00D7ACB7 /* Products */,
			);
			sourceTree = "<group>";
		};
		4D5CA7781B43E92D00D7ACB7 /* Products */ = {
			isa = PBXGroup;
			children = (
				4D5CA7771B43E92D00D7ACB7 /* libSensorsAnalyticsSDK.a */,
				4D5CA7821B43E92D00D7ACB7 /* SensorsAnalyticsSDKTests.xctest */,
				4D0EB7BE1B47A88C0019FD21 /* HelloSensorsAnalytics.app */,
				4D0EB7D61B47A88C0019FD21 /* HelloSensorsAnalyticsTests.xctest */,
			);
			name = Products;
			sourceTree = "<group>";
		};
		4D5CA7791B43E92D00D7ACB7 /* SensorsAnalyticsSDK */ = {
			isa = PBXGroup;
			children = (
				4D14F17F1B4A7B15006AD786 /* NSData+MPBase64.h */,
				4D14F1801B4A7B15006AD786 /* NSData+MPBase64.m */,
				4D5CA77A1B43E92D00D7ACB7 /* SensorsAnalyticsSDK.h */,
				4D5CA77C1B43E92D00D7ACB7 /* SensorsAnalyticsSDK.m */,
				4D14F16F1B4A51B7006AD786 /* LFCGzipUtility.h */,
				4D14F1701B4A51B7006AD786 /* LFCGzipUtility.m */,
				4D14F17C1B4A7A32006AD786 /* SALogger.h */,
				4DBA6FA11B4B9B9C004F0ADB /* MessageQueueBySqlite.h */,
				4DBA6FA21B4B9B9C004F0ADB /* MessageQueueBySqlite.m */,
				4D2AF15A1B4BAE77007716F8 /* JSONUtil.h */,
				4D2AF15B1B4BAE77007716F8 /* JSONUtil.m */,
				4D26473C1B63E1FD00410DDE /* SensorsAnalyticsException.h */,
				4D26473D1B63E1FD00410DDE /* SensorsAnalyticsException.m */,
			);
			path = SensorsAnalyticsSDK;
			sourceTree = "<group>";
		};
		4D5CA7861B43E92D00D7ACB7 /* SensorsAnalyticsSDKTests */ = {
			isa = PBXGroup;
			children = (
				4D5CA7871B43E92D00D7ACB7 /* Supporting Files */,
				4D14F1851B4A7FE7006AD786 /* SensorsAnalyticsSDKTests.m */,
			);
			path = SensorsAnalyticsSDKTests;
			sourceTree = "<group>";
		};
		4D5CA7871B43E92D00D7ACB7 /* Supporting Files */ = {
			isa = PBXGroup;
			children = (
				4D5CA7881B43E92D00D7ACB7 /* Info.plist */,
			);
			name = "Supporting Files";
			sourceTree = "<group>";
		};
/* End PBXGroup section */

/* Begin PBXHeadersBuildPhase section */
		4D14F16B1B47D4DD006AD786 /* Headers */ = {
			isa = PBXHeadersBuildPhase;
			buildActionMask = 2147483647;
			files = (
				4D14F17E1B4A7A32006AD786 /* SALogger.h in Headers */,
				4D14F16C1B47D4EB006AD786 /* SensorsAnalyticsSDK.h in Headers */,
				4D14F1711B4A51B7006AD786 /* LFCGzipUtility.h in Headers */,
				4DBA6FA31B4B9B9C004F0ADB /* MessageQueueBySqlite.h in Headers */,
				4D26473E1B63E1FD00410DDE /* SensorsAnalyticsException.h in Headers */,
				4D2AF15C1B4BAE77007716F8 /* JSONUtil.h in Headers */,
				4D14F1811B4A7B15006AD786 /* NSData+MPBase64.h in Headers */,
			);
			runOnlyForDeploymentPostprocessing = 0;
		};
/* End PBXHeadersBuildPhase section */

/* Begin PBXNativeTarget section */
		4D0EB7BD1B47A88C0019FD21 /* HelloSensorsAnalytics */ = {
			isa = PBXNativeTarget;
			buildConfigurationList = 4D0EB7DE1B47A88C0019FD21 /* Build configuration list for PBXNativeTarget "HelloSensorsAnalytics" */;
			buildPhases = (
				4D0EB7BA1B47A88C0019FD21 /* Sources */,
				4D0EB7BB1B47A88C0019FD21 /* Frameworks */,
				4D0EB7BC1B47A88C0019FD21 /* Resources */,
			);
			buildRules = (
			);
			dependencies = (
			);
			name = HelloSensorsAnalytics;
			productName = HelloSensorsAnalytics;
			productReference = 4D0EB7BE1B47A88C0019FD21 /* HelloSensorsAnalytics.app */;
			productType = "com.apple.product-type.application";
		};
		4D0EB7D51B47A88C0019FD21 /* HelloSensorsAnalyticsTests */ = {
			isa = PBXNativeTarget;
			buildConfigurationList = 4D0EB7E11B47A88C0019FD21 /* Build configuration list for PBXNativeTarget "HelloSensorsAnalyticsTests" */;
			buildPhases = (
				4D0EB7D21B47A88C0019FD21 /* Sources */,
				4D0EB7D31B47A88C0019FD21 /* Frameworks */,
				4D0EB7D41B47A88C0019FD21 /* Resources */,
			);
			buildRules = (
			);
			dependencies = (
				4D0EB7D81B47A88C0019FD21 /* PBXTargetDependency */,
			);
			name = HelloSensorsAnalyticsTests;
			productName = HelloSensorsAnalyticsTests;
			productReference = 4D0EB7D61B47A88C0019FD21 /* HelloSensorsAnalyticsTests.xctest */;
			productType = "com.apple.product-type.bundle.unit-test";
		};
		4D5CA7761B43E92D00D7ACB7 /* SensorsAnalyticsSDK */ = {
			isa = PBXNativeTarget;
			buildConfigurationList = 4D5CA78B1B43E92D00D7ACB7 /* Build configuration list for PBXNativeTarget "SensorsAnalyticsSDK" */;
			buildPhases = (
				4D5CA7731B43E92D00D7ACB7 /* Sources */,
				4D5CA7741B43E92D00D7ACB7 /* Frameworks */,
				4D5CA7751B43E92D00D7ACB7 /* CopyFiles */,
				4D14F16B1B47D4DD006AD786 /* Headers */,
			);
			buildRules = (
			);
			dependencies = (
			);
			name = SensorsAnalyticsSDK;
			productName = SensorsAnalyticsSDK;
			productReference = 4D5CA7771B43E92D00D7ACB7 /* libSensorsAnalyticsSDK.a */;
			productType = "com.apple.product-type.library.static";
		};
		4D5CA7811B43E92D00D7ACB7 /* SensorsAnalyticsSDKTests */ = {
			isa = PBXNativeTarget;
			buildConfigurationList = 4D5CA78E1B43E92D00D7ACB7 /* Build configuration list for PBXNativeTarget "SensorsAnalyticsSDKTests" */;
			buildPhases = (
				4D5CA77E1B43E92D00D7ACB7 /* Sources */,
				4D5CA77F1B43E92D00D7ACB7 /* Frameworks */,
				4D5CA7801B43E92D00D7ACB7 /* Resources */,
			);
			buildRules = (
			);
			dependencies = (
				4D5CA7851B43E92D00D7ACB7 /* PBXTargetDependency */,
			);
			name = SensorsAnalyticsSDKTests;
			productName = SensorsAnalyticsSDKTests;
			productReference = 4D5CA7821B43E92D00D7ACB7 /* SensorsAnalyticsSDKTests.xctest */;
			productType = "com.apple.product-type.bundle.unit-test";
		};
/* End PBXNativeTarget section */

/* Begin PBXProject section */
		4D5CA76F1B43E92D00D7ACB7 /* Project object */ = {
			isa = PBXProject;
			attributes = {
				LastUpgradeCheck = 0630;
				ORGANIZATIONNAME = SensorsData;
				TargetAttributes = {
					4D0EB7BD1B47A88C0019FD21 = {
						CreatedOnToolsVersion = 6.4;
					};
					4D0EB7D51B47A88C0019FD21 = {
						CreatedOnToolsVersion = 6.4;
						TestTargetID = 4D0EB7BD1B47A88C0019FD21;
					};
					4D5CA7761B43E92D00D7ACB7 = {
						CreatedOnToolsVersion = 6.3.2;
					};
					4D5CA7811B43E92D00D7ACB7 = {
						CreatedOnToolsVersion = 6.3.2;
					};
				};
			};
			buildConfigurationList = 4D5CA7721B43E92D00D7ACB7 /* Build configuration list for PBXProject "SensorsAnalyticsSDK" */;
			compatibilityVersion = "Xcode 3.2";
			developmentRegion = English;
			hasScannedForEncodings = 0;
			knownRegions = (
				en,
				Base,
			);
			mainGroup = 4D5CA76E1B43E92D00D7ACB7;
			productRefGroup = 4D5CA7781B43E92D00D7ACB7 /* Products */;
			projectDirPath = "";
			projectRoot = "";
			targets = (
				4D5CA7761B43E92D00D7ACB7 /* SensorsAnalyticsSDK */,
				4D5CA7811B43E92D00D7ACB7 /* SensorsAnalyticsSDKTests */,
				4D0EB7BD1B47A88C0019FD21 /* HelloSensorsAnalytics */,
				4D0EB7D51B47A88C0019FD21 /* HelloSensorsAnalyticsTests */,
			);
		};
/* End PBXProject section */

/* Begin PBXResourcesBuildPhase section */
		4D0EB7BC1B47A88C0019FD21 /* Resources */ = {
			isa = PBXResourcesBuildPhase;
			buildActionMask = 2147483647;
			files = (
				4D0EB7CC1B47A88C0019FD21 /* Main.storyboard in Resources */,
				4D0EB7D11B47A88C0019FD21 /* LaunchScreen.xib in Resources */,
				4D0EB7CE1B47A88C0019FD21 /* Images.xcassets in Resources */,
			);
			runOnlyForDeploymentPostprocessing = 0;
		};
		4D0EB7D41B47A88C0019FD21 /* Resources */ = {
			isa = PBXResourcesBuildPhase;
			buildActionMask = 2147483647;
			files = (
			);
			runOnlyForDeploymentPostprocessing = 0;
		};
		4D5CA7801B43E92D00D7ACB7 /* Resources */ = {
			isa = PBXResourcesBuildPhase;
			buildActionMask = 2147483647;
			files = (
			);
			runOnlyForDeploymentPostprocessing = 0;
		};
/* End PBXResourcesBuildPhase section */

/* Begin PBXSourcesBuildPhase section */
		4D0EB7BA1B47A88C0019FD21 /* Sources */ = {
			isa = PBXSourcesBuildPhase;
			buildActionMask = 2147483647;
			files = (
				4D1EFDD51B4BC6930008D3EA /* MessageQueueBySqlite.m in Sources */,
				4D1EFDD61B4BC6930008D3EA /* JSONUtil.m in Sources */,
				4DBA6FA01B4B8DC4004F0ADB /* NSData+MPBase64.m in Sources */,
				4D14F1741B4A5469006AD786 /* LFCGzipUtility.m in Sources */,
				4D14F16E1B47D5E2006AD786 /* SensorsAnalyticsSDK.m in Sources */,
				4D0EB7C91B47A88C0019FD21 /* ViewController.m in Sources */,
				4D0EB7C61B47A88C0019FD21 /* AppDelegate.m in Sources */,
				4D0EB7C31B47A88C0019FD21 /* main.m in Sources */,
			);
			runOnlyForDeploymentPostprocessing = 0;
		};
		4D0EB7D21B47A88C0019FD21 /* Sources */ = {
			isa = PBXSourcesBuildPhase;
			buildActionMask = 2147483647;
			files = (
				4D0EB7DD1B47A88C0019FD21 /* HelloSensorsAnalyticsTests.m in Sources */,
			);
			runOnlyForDeploymentPostprocessing = 0;
		};
		4D5CA7731B43E92D00D7ACB7 /* Sources */ = {
			isa = PBXSourcesBuildPhase;
			buildActionMask = 2147483647;
			files = (
				4DBA6FA41B4B9B9C004F0ADB /* MessageQueueBySqlite.m in Sources */,
				4D2AF15D1B4BAE77007716F8 /* JSONUtil.m in Sources */,
				4D26473F1B63E1FD00410DDE /* SensorsAnalyticsException.m in Sources */,
				4D14F1721B4A51B7006AD786 /* LFCGzipUtility.m in Sources */,
				4D14F1821B4A7B15006AD786 /* NSData+MPBase64.m in Sources */,
				4D5CA77D1B43E92D00D7ACB7 /* SensorsAnalyticsSDK.m in Sources */,
			);
			runOnlyForDeploymentPostprocessing = 0;
		};
		4D5CA77E1B43E92D00D7ACB7 /* Sources */ = {
			isa = PBXSourcesBuildPhase;
			buildActionMask = 2147483647;
			files = (
				4D2647401B63E34400410DDE /* SensorsAnalyticsException.m in Sources */,
				4D1EFDD11B4BB2420008D3EA /* JSONUtil.m in Sources */,
				4DBA6FA51B4BAB67004F0ADB /* MessageQueueBySqlite.m in Sources */,
				4D14F18A1B4A8132006AD786 /* SensorsAnalyticsSDK.m in Sources */,
				4D14F1871B4A80EA006AD786 /* NSData+MPBase64.m in Sources */,
				4D14F1881B4A80EA006AD786 /* LFCGzipUtility.m in Sources */,
				4D14F1861B4A7FE7006AD786 /* SensorsAnalyticsSDKTests.m in Sources */,
			);
			runOnlyForDeploymentPostprocessing = 0;
		};
/* End PBXSourcesBuildPhase section */

/* Begin PBXTargetDependency section */
		4D0EB7D81B47A88C0019FD21 /* PBXTargetDependency */ = {
			isa = PBXTargetDependency;
			target = 4D0EB7BD1B47A88C0019FD21 /* HelloSensorsAnalytics */;
			targetProxy = 4D0EB7D71B47A88C0019FD21 /* PBXContainerItemProxy */;
		};
		4D5CA7851B43E92D00D7ACB7 /* PBXTargetDependency */ = {
			isa = PBXTargetDependency;
			target = 4D5CA7761B43E92D00D7ACB7 /* SensorsAnalyticsSDK */;
			targetProxy = 4D5CA7841B43E92D00D7ACB7 /* PBXContainerItemProxy */;
		};
/* End PBXTargetDependency section */

/* Begin PBXVariantGroup section */
		4D0EB7CA1B47A88C0019FD21 /* Main.storyboard */ = {
			isa = PBXVariantGroup;
			children = (
				4D0EB7CB1B47A88C0019FD21 /* Base */,
			);
			name = Main.storyboard;
			sourceTree = "<group>";
		};
		4D0EB7CF1B47A88C0019FD21 /* LaunchScreen.xib */ = {
			isa = PBXVariantGroup;
			children = (
				4D0EB7D01B47A88C0019FD21 /* Base */,
			);
			name = LaunchScreen.xib;
			sourceTree = "<group>";
		};
/* End PBXVariantGroup section */

/* Begin XCBuildConfiguration section */
		4D0EB7DF1B47A88C0019FD21 /* Debug */ = {
			isa = XCBuildConfiguration;
			buildSettings = {
				ASSETCATALOG_COMPILER_APPICON_NAME = AppIcon;
				"CODE_SIGN_IDENTITY[sdk=iphoneos*]" = "iPhone Developer";
				GCC_PREPROCESSOR_DEFINITIONS = (
					"DEBUG=1",
					"$(inherited)",
				);
				INFOPLIST_FILE = HelloSensorsAnalytics/Info.plist;
				IPHONEOS_DEPLOYMENT_TARGET = 8.4;
				LD_RUNPATH_SEARCH_PATHS = "$(inherited) @executable_path/Frameworks";
				PRODUCT_NAME = "$(TARGET_NAME)";
				TARGETED_DEVICE_FAMILY = "1,2";
			};
			name = Debug;
		};
		4D0EB7E01B47A88C0019FD21 /* Release */ = {
			isa = XCBuildConfiguration;
			buildSettings = {
				ASSETCATALOG_COMPILER_APPICON_NAME = AppIcon;
				"CODE_SIGN_IDENTITY[sdk=iphoneos*]" = "iPhone Developer";
				INFOPLIST_FILE = HelloSensorsAnalytics/Info.plist;
				IPHONEOS_DEPLOYMENT_TARGET = 8.4;
				LD_RUNPATH_SEARCH_PATHS = "$(inherited) @executable_path/Frameworks";
				PRODUCT_NAME = "$(TARGET_NAME)";
				TARGETED_DEVICE_FAMILY = "1,2";
			};
			name = Release;
		};
		4D0EB7E21B47A88C0019FD21 /* Debug */ = {
			isa = XCBuildConfiguration;
			buildSettings = {
				BUNDLE_LOADER = "$(TEST_HOST)";
				FRAMEWORK_SEARCH_PATHS = (
					"$(SDKROOT)/Developer/Library/Frameworks",
					"$(inherited)",
				);
				GCC_PREPROCESSOR_DEFINITIONS = (
					"DEBUG=1",
					"$(inherited)",
				);
				INFOPLIST_FILE = HelloSensorsAnalyticsTests/Info.plist;
				IPHONEOS_DEPLOYMENT_TARGET = 8.4;
				LD_RUNPATH_SEARCH_PATHS = "$(inherited) @executable_path/Frameworks @loader_path/Frameworks";
				PRODUCT_NAME = "$(TARGET_NAME)";
				TEST_HOST = "$(BUILT_PRODUCTS_DIR)/HelloSensorsAnalytics.app/HelloSensorsAnalytics";
			};
			name = Debug;
		};
		4D0EB7E31B47A88C0019FD21 /* Release */ = {
			isa = XCBuildConfiguration;
			buildSettings = {
				BUNDLE_LOADER = "$(TEST_HOST)";
				FRAMEWORK_SEARCH_PATHS = (
					"$(SDKROOT)/Developer/Library/Frameworks",
					"$(inherited)",
				);
				INFOPLIST_FILE = HelloSensorsAnalyticsTests/Info.plist;
				IPHONEOS_DEPLOYMENT_TARGET = 8.4;
				LD_RUNPATH_SEARCH_PATHS = "$(inherited) @executable_path/Frameworks @loader_path/Frameworks";
				PRODUCT_NAME = "$(TARGET_NAME)";
				TEST_HOST = "$(BUILT_PRODUCTS_DIR)/HelloSensorsAnalytics.app/HelloSensorsAnalytics";
			};
			name = Release;
		};
		4D5CA7891B43E92D00D7ACB7 /* Debug */ = {
			isa = XCBuildConfiguration;
			buildSettings = {
				ALWAYS_SEARCH_USER_PATHS = NO;
				CLANG_CXX_LANGUAGE_STANDARD = "gnu++0x";
				CLANG_CXX_LIBRARY = "libc++";
				CLANG_ENABLE_MODULES = YES;
				CLANG_ENABLE_OBJC_ARC = YES;
				CLANG_WARN_BOOL_CONVERSION = YES;
				CLANG_WARN_CONSTANT_CONVERSION = YES;
				CLANG_WARN_DIRECT_OBJC_ISA_USAGE = YES_ERROR;
				CLANG_WARN_EMPTY_BODY = YES;
				CLANG_WARN_ENUM_CONVERSION = YES;
				CLANG_WARN_INT_CONVERSION = YES;
				CLANG_WARN_OBJC_ROOT_CLASS = YES_ERROR;
				CLANG_WARN_UNREACHABLE_CODE = YES;
				CLANG_WARN__DUPLICATE_METHOD_MATCH = YES;
				COPY_PHASE_STRIP = NO;
				DEBUG_INFORMATION_FORMAT = "dwarf-with-dsym";
				ENABLE_STRICT_OBJC_MSGSEND = YES;
				GCC_C_LANGUAGE_STANDARD = gnu99;
				GCC_DYNAMIC_NO_PIC = NO;
				GCC_NO_COMMON_BLOCKS = YES;
				GCC_OPTIMIZATION_LEVEL = 0;
				GCC_PREPROCESSOR_DEFINITIONS = (
					"DEBUG=1",
					"$(inherited)",
				);
				GCC_SYMBOLS_PRIVATE_EXTERN = NO;
				GCC_WARN_64_TO_32_BIT_CONVERSION = YES;
				GCC_WARN_ABOUT_RETURN_TYPE = YES_ERROR;
				GCC_WARN_UNDECLARED_SELECTOR = YES;
				GCC_WARN_UNINITIALIZED_AUTOS = YES_AGGRESSIVE;
				GCC_WARN_UNUSED_FUNCTION = YES;
				GCC_WARN_UNUSED_VARIABLE = YES;
				IPHONEOS_DEPLOYMENT_TARGET = 8.3;
				MTL_ENABLE_DEBUG_INFO = YES;
				ONLY_ACTIVE_ARCH = YES;
				SDKROOT = iphoneos;
			};
			name = Debug;
		};
		4D5CA78A1B43E92D00D7ACB7 /* Release */ = {
			isa = XCBuildConfiguration;
			buildSettings = {
				ALWAYS_SEARCH_USER_PATHS = NO;
				CLANG_CXX_LANGUAGE_STANDARD = "gnu++0x";
				CLANG_CXX_LIBRARY = "libc++";
				CLANG_ENABLE_MODULES = YES;
				CLANG_ENABLE_OBJC_ARC = YES;
				CLANG_WARN_BOOL_CONVERSION = YES;
				CLANG_WARN_CONSTANT_CONVERSION = YES;
				CLANG_WARN_DIRECT_OBJC_ISA_USAGE = YES_ERROR;
				CLANG_WARN_EMPTY_BODY = YES;
				CLANG_WARN_ENUM_CONVERSION = YES;
				CLANG_WARN_INT_CONVERSION = YES;
				CLANG_WARN_OBJC_ROOT_CLASS = YES_ERROR;
				CLANG_WARN_UNREACHABLE_CODE = YES;
				CLANG_WARN__DUPLICATE_METHOD_MATCH = YES;
				COPY_PHASE_STRIP = NO;
				DEBUG_INFORMATION_FORMAT = "dwarf-with-dsym";
				ENABLE_NS_ASSERTIONS = NO;
				ENABLE_STRICT_OBJC_MSGSEND = YES;
				GCC_C_LANGUAGE_STANDARD = gnu99;
				GCC_NO_COMMON_BLOCKS = YES;
				GCC_WARN_64_TO_32_BIT_CONVERSION = YES;
				GCC_WARN_ABOUT_RETURN_TYPE = YES_ERROR;
				GCC_WARN_UNDECLARED_SELECTOR = YES;
				GCC_WARN_UNINITIALIZED_AUTOS = YES_AGGRESSIVE;
				GCC_WARN_UNUSED_FUNCTION = YES;
				GCC_WARN_UNUSED_VARIABLE = YES;
				IPHONEOS_DEPLOYMENT_TARGET = 8.3;
				MTL_ENABLE_DEBUG_INFO = NO;
				SDKROOT = iphoneos;
				VALIDATE_PRODUCT = YES;
			};
			name = Release;
		};
		4D5CA78C1B43E92D00D7ACB7 /* Debug */ = {
			isa = XCBuildConfiguration;
			buildSettings = {
				OTHER_LDFLAGS = "-ObjC";
				PRODUCT_NAME = "$(TARGET_NAME)";
				SKIP_INSTALL = YES;
			};
			name = Debug;
		};
		4D5CA78D1B43E92D00D7ACB7 /* Release */ = {
			isa = XCBuildConfiguration;
			buildSettings = {
				OTHER_LDFLAGS = "-ObjC";
				PRODUCT_NAME = "$(TARGET_NAME)";
				SKIP_INSTALL = YES;
			};
			name = Release;
		};
		4D5CA78F1B43E92D00D7ACB7 /* Debug */ = {
			isa = XCBuildConfiguration;
			buildSettings = {
				"CODE_SIGN_IDENTITY[sdk=iphoneos*]" = "iPhone Developer";
				FRAMEWORK_SEARCH_PATHS = (
					"$(SDKROOT)/Developer/Library/Frameworks",
					"$(inherited)",
				);
				GCC_PREPROCESSOR_DEFINITIONS = (
					"DEBUG=1",
					SA_UT,
					"$(inherited)",
				);
				INFOPLIST_FILE = SensorsAnalyticsSDKTests/Info.plist;
				LD_RUNPATH_SEARCH_PATHS = "$(inherited) @executable_path/Frameworks @loader_path/Frameworks";
				PRODUCT_NAME = "$(TARGET_NAME)";
			};
			name = Debug;
		};
		4D5CA7901B43E92D00D7ACB7 /* Release */ = {
			isa = XCBuildConfiguration;
			buildSettings = {
				"CODE_SIGN_IDENTITY[sdk=iphoneos*]" = "iPhone Developer";
				FRAMEWORK_SEARCH_PATHS = (
					"$(SDKROOT)/Developer/Library/Frameworks",
					"$(inherited)",
				);
				INFOPLIST_FILE = SensorsAnalyticsSDKTests/Info.plist;
				LD_RUNPATH_SEARCH_PATHS = "$(inherited) @executable_path/Frameworks @loader_path/Frameworks";
				PRODUCT_NAME = "$(TARGET_NAME)";
			};
			name = Release;
		};
/* End XCBuildConfiguration section */

/* Begin XCConfigurationList section */
		4D0EB7DE1B47A88C0019FD21 /* Build configuration list for PBXNativeTarget "HelloSensorsAnalytics" */ = {
			isa = XCConfigurationList;
			buildConfigurations = (
				4D0EB7DF1B47A88C0019FD21 /* Debug */,
				4D0EB7E01B47A88C0019FD21 /* Release */,
			);
			defaultConfigurationIsVisible = 0;
			defaultConfigurationName = Release;
		};
		4D0EB7E11B47A88C0019FD21 /* Build configuration list for PBXNativeTarget "HelloSensorsAnalyticsTests" */ = {
			isa = XCConfigurationList;
			buildConfigurations = (
				4D0EB7E21B47A88C0019FD21 /* Debug */,
				4D0EB7E31B47A88C0019FD21 /* Release */,
			);
			defaultConfigurationIsVisible = 0;
			defaultConfigurationName = Release;
		};
		4D5CA7721B43E92D00D7ACB7 /* Build configuration list for PBXProject "SensorsAnalyticsSDK" */ = {
			isa = XCConfigurationList;
			buildConfigurations = (
				4D5CA7891B43E92D00D7ACB7 /* Debug */,
				4D5CA78A1B43E92D00D7ACB7 /* Release */,
			);
			defaultConfigurationIsVisible = 0;
			defaultConfigurationName = Release;
		};
		4D5CA78B1B43E92D00D7ACB7 /* Build configuration list for PBXNativeTarget "SensorsAnalyticsSDK" */ = {
			isa = XCConfigurationList;
			buildConfigurations = (
				4D5CA78C1B43E92D00D7ACB7 /* Debug */,
				4D5CA78D1B43E92D00D7ACB7 /* Release */,
			);
			defaultConfigurationIsVisible = 0;
			defaultConfigurationName = Release;
		};
		4D5CA78E1B43E92D00D7ACB7 /* Build configuration list for PBXNativeTarget "SensorsAnalyticsSDKTests" */ = {
			isa = XCConfigurationList;
			buildConfigurations = (
				4D5CA78F1B43E92D00D7ACB7 /* Debug */,
				4D5CA7901B43E92D00D7ACB7 /* Release */,
			);
			defaultConfigurationIsVisible = 0;
			defaultConfigurationName = Release;
		};
/* End XCConfigurationList section */
	};
	rootObject = 4D5CA76F1B43E92D00D7ACB7 /* Project object */;
}
