// !$*UTF8*$!
{
	archiveVersion = 1;
	classes = {
	};
	objectVersion = 50;
	objects = {

/* Begin PBXBuildFile section */
		4D017F4822E7108000492D75 /* SADataEncryptBuilder.h in Headers */ = {isa = PBXBuildFile; fileRef = 4D017F4622E7108000492D75 /* SADataEncryptBuilder.h */; };
		4D017F4922E7108000492D75 /* SADataEncryptBuilder.m in Sources */ = {isa = PBXBuildFile; fileRef = 4D017F4722E7108000492D75 /* SADataEncryptBuilder.m */; };
		4D6A189122978F5B00F6B218 /* ElementViewController.m in Sources */ = {isa = PBXBuildFile; fileRef = 4D6A188E22978F5B00F6B218 /* ElementViewController.m */; };
		4D6A189222978F5B00F6B218 /* SAAutoTrackUtilsTest.m in Sources */ = {isa = PBXBuildFile; fileRef = 4D6A188F22978F5B00F6B218 /* SAAutoTrackUtilsTest.m */; };
		656D61F022EC453100E0DA06 /* SAEncryptUtils.m in Sources */ = {isa = PBXBuildFile; fileRef = 656D61EE22EC453100E0DA06 /* SAEncryptUtils.m */; };
		656D61F122EC453100E0DA06 /* SAEncryptUtils.h in Headers */ = {isa = PBXBuildFile; fileRef = 656D61EF22EC453100E0DA06 /* SAEncryptUtils.h */; };
		CB30C03F22840EC00004061D /* SATypeDescription.m in Sources */ = {isa = PBXBuildFile; fileRef = CB30BFD222840EBF0004061D /* SATypeDescription.m */; };
		CB30C04022840EC00004061D /* SASecurityPolicy.m in Sources */ = {isa = PBXBuildFile; fileRef = CB30BFD322840EBF0004061D /* SASecurityPolicy.m */; };
		CB30C04222840EC00004061D /* NSString+HashCode.m in Sources */ = {isa = PBXBuildFile; fileRef = CB30BFD522840EBF0004061D /* NSString+HashCode.m */; };
		CB30C04322840EC00004061D /* UIView+SAHelpers.h in Headers */ = {isa = PBXBuildFile; fileRef = CB30BFD622840EBF0004061D /* UIView+SAHelpers.h */; };
		CB30C04422840EC00004061D /* SANetwork+URLUtils.m in Sources */ = {isa = PBXBuildFile; fileRef = CB30BFD722840EBF0004061D /* SANetwork+URLUtils.m */; };
		CB30C04522840EC00004061D /* NSInvocation+SAHelpers.h in Headers */ = {isa = PBXBuildFile; fileRef = CB30BFD822840EBF0004061D /* NSInvocation+SAHelpers.h */; };
		CB30C04622840EC00004061D /* SAObjectIdentityProvider.h in Headers */ = {isa = PBXBuildFile; fileRef = CB30BFD922840EBF0004061D /* SAObjectIdentityProvider.h */; };
		CB30C04822840EC00004061D /* SANetwork.m in Sources */ = {isa = PBXBuildFile; fileRef = CB30BFDB22840EBF0004061D /* SANetwork.m */; };
		CB30C04922840EC00004061D /* SensorsAnalyticsSDK.m in Sources */ = {isa = PBXBuildFile; fileRef = CB30BFDC22840EBF0004061D /* SensorsAnalyticsSDK.m */; };
		CB30C04A22840EC00004061D /* SAObjectSerializerContext.h in Headers */ = {isa = PBXBuildFile; fileRef = CB30BFDD22840EBF0004061D /* SAObjectSerializerContext.h */; };
		CB30C04C22840EC00004061D /* SAClassDescription.h in Headers */ = {isa = PBXBuildFile; fileRef = CB30BFDF22840EBF0004061D /* SAClassDescription.h */; };
		CB30C04D22840EC00004061D /* SASDKRemoteConfig.m in Sources */ = {isa = PBXBuildFile; fileRef = CB30BFE022840EBF0004061D /* SASDKRemoteConfig.m */; };
		CB30C04E22840EC00004061D /* SAAbstractDesignerMessage.h in Headers */ = {isa = PBXBuildFile; fileRef = CB30BFE122840EBF0004061D /* SAAbstractDesignerMessage.h */; };
		CB30C04F22840EC00004061D /* SAObjectSelector.m in Sources */ = {isa = PBXBuildFile; fileRef = CB30BFE222840EBF0004061D /* SAObjectSelector.m */; };
		CB30C05022840EC00004061D /* SAConstants.h in Headers */ = {isa = PBXBuildFile; fileRef = CB30BFE322840EBF0004061D /* SAConstants.h */; settings = {ATTRIBUTES = (Public, ); }; };
		CB30C05122840EC00004061D /* SASwizzle.h in Headers */ = {isa = PBXBuildFile; fileRef = CB30BFE422840EBF0004061D /* SASwizzle.h */; };
		CB30C05422840EC00004061D /* SensorsAnalyticsExceptionHandler.m in Sources */ = {isa = PBXBuildFile; fileRef = CB30BFE722840EBF0004061D /* SensorsAnalyticsExceptionHandler.m */; };
		CB30C05522840EC00004061D /* NSObject+SensorsAnalyticsDelegate.h in Headers */ = {isa = PBXBuildFile; fileRef = CB30BFE822840EBF0004061D /* NSObject+SensorsAnalyticsDelegate.h */; };
		CB30C05622840EC00004061D /* SACommonUtility.m in Sources */ = {isa = PBXBuildFile; fileRef = CB30BFE922840EBF0004061D /* SACommonUtility.m */; };
		CB30C05722840EC00004061D /* SAJSONUtil.m in Sources */ = {isa = PBXBuildFile; fileRef = CB30BFEA22840EBF0004061D /* SAJSONUtil.m */; };
		CB30C05822840EC00004061D /* SADeviceOrientationManager.h in Headers */ = {isa = PBXBuildFile; fileRef = CB30BFEB22840EBF0004061D /* SADeviceOrientationManager.h */; };
		CB30C05922840EC00004061D /* SAConfigOptions.h in Headers */ = {isa = PBXBuildFile; fileRef = CB30BFEC22840EBF0004061D /* SAConfigOptions.h */; settings = {ATTRIBUTES = (Public, ); }; };
		CB30C05A22840EC00004061D /* SAConstants+Private.h in Headers */ = {isa = PBXBuildFile; fileRef = CB30BFED22840EBF0004061D /* SAConstants+Private.h */; };
		CB30C05C22840EC00004061D /* SALocationManager.h in Headers */ = {isa = PBXBuildFile; fileRef = CB30BFEF22840EBF0004061D /* SALocationManager.h */; };
		CB30C05D22840EC00004061D /* SAAlertController.m in Sources */ = {isa = PBXBuildFile; fileRef = CB30BFF022840EBF0004061D /* SAAlertController.m */; };
		CB30C05E22840EC00004061D /* SAObjectSerializerConfig.h in Headers */ = {isa = PBXBuildFile; fileRef = CB30BFF122840EBF0004061D /* SAObjectSerializerConfig.h */; };
		CB30C05F22840EC00004061D /* SAGzipUtility.h in Headers */ = {isa = PBXBuildFile; fileRef = CB30BFF222840EBF0004061D /* SAGzipUtility.h */; };
		CB30C06022840EC00004061D /* SAAuxiliaryToolManager.h in Headers */ = {isa = PBXBuildFile; fileRef = CB30BFF322840EBF0004061D /* SAAuxiliaryToolManager.h */; };
		CB30C06122840EC00004061D /* SAReachability.h in Headers */ = {isa = PBXBuildFile; fileRef = CB30BFF422840EBF0004061D /* SAReachability.h */; };
		CB30C06222840EC00004061D /* SAPropertyDescription.m in Sources */ = {isa = PBXBuildFile; fileRef = CB30BFF522840EBF0004061D /* SAPropertyDescription.m */; };
		CB30C06322840EC00004061D /* SensorsAnalyticsSDK+Private.h in Headers */ = {isa = PBXBuildFile; fileRef = CB30BFF622840EBF0004061D /* SensorsAnalyticsSDK+Private.h */; };
		CB30C06422840EC00004061D /* SAAppExtensionDataManager.m in Sources */ = {isa = PBXBuildFile; fileRef = CB30BFF722840EBF0004061D /* SAAppExtensionDataManager.m */; };
		CB30C06522840EC00004061D /* SASwizzler.m in Sources */ = {isa = PBXBuildFile; fileRef = CB30BFF822840EBF0004061D /* SASwizzler.m */; };
		CB30C06622840EC00004061D /* SAObjectSerializer.h in Headers */ = {isa = PBXBuildFile; fileRef = CB30BFF922840EBF0004061D /* SAObjectSerializer.h */; };
		CB30C06722840EC00004061D /* SAEnumDescription.m in Sources */ = {isa = PBXBuildFile; fileRef = CB30BFFA22840EBF0004061D /* SAEnumDescription.m */; };
		CB30C06822840EC00004061D /* SAValueTransformers.m in Sources */ = {isa = PBXBuildFile; fileRef = CB30BFFB22840EBF0004061D /* SAValueTransformers.m */; };
		CB30C06922840EC00004061D /* SALogger.m in Sources */ = {isa = PBXBuildFile; fileRef = CB30BFFC22840EBF0004061D /* SALogger.m */; };
		CB30C06B22840EC00004061D /* SAKeyChainItemWrapper.m in Sources */ = {isa = PBXBuildFile; fileRef = CB30BFFE22840EBF0004061D /* SAKeyChainItemWrapper.m */; };
		CB30C06C22840EC00004061D /* MessageQueueBySqlite.m in Sources */ = {isa = PBXBuildFile; fileRef = CB30BFFF22840EBF0004061D /* MessageQueueBySqlite.m */; };
		CB30C06D22840EC00004061D /* SANetwork.h in Headers */ = {isa = PBXBuildFile; fileRef = CB30C00022840EBF0004061D /* SANetwork.h */; };
		CB30C06E22840EC00004061D /* SensorsAnalyticsSDK.h in Headers */ = {isa = PBXBuildFile; fileRef = CB30C00122840EBF0004061D /* SensorsAnalyticsSDK.h */; settings = {ATTRIBUTES = (Public, ); }; };
		CB30C07022840EC00004061D /* SADesignerMessage.h in Headers */ = {isa = PBXBuildFile; fileRef = CB30C00322840EBF0004061D /* SADesignerMessage.h */; };
		CB30C07122840EC00004061D /* SAObjectIdentityProvider.m in Sources */ = {isa = PBXBuildFile; fileRef = CB30C00422840EBF0004061D /* SAObjectIdentityProvider.m */; };
		CB30C07222840EC00004061D /* NSInvocation+SAHelpers.m in Sources */ = {isa = PBXBuildFile; fileRef = CB30C00522840EBF0004061D /* NSInvocation+SAHelpers.m */; };
		CB30C07322840EC00004061D /* SANetwork+URLUtils.h in Headers */ = {isa = PBXBuildFile; fileRef = CB30C00622840EBF0004061D /* SANetwork+URLUtils.h */; };
		CB30C07422840EC00004061D /* UIView+SAHelpers.m in Sources */ = {isa = PBXBuildFile; fileRef = CB30C00722840EBF0004061D /* UIView+SAHelpers.m */; };
		CB30C07622840EC00004061D /* NSString+HashCode.h in Headers */ = {isa = PBXBuildFile; fileRef = CB30C00922840EBF0004061D /* NSString+HashCode.h */; };
		CB30C07722840EC00004061D /* SATypeDescription.h in Headers */ = {isa = PBXBuildFile; fileRef = CB30C00A22840EBF0004061D /* SATypeDescription.h */; };
		CB30C07822840EC00004061D /* SASecurityPolicy.h in Headers */ = {isa = PBXBuildFile; fileRef = CB30C00B22840EBF0004061D /* SASecurityPolicy.h */; settings = {ATTRIBUTES = (Public, ); }; };
		CB30C07922840EC00004061D /* SALocationManager.m in Sources */ = {isa = PBXBuildFile; fileRef = CB30C00C22840EBF0004061D /* SALocationManager.m */; };
		CB30C07B22840EC00004061D /* SADeviceOrientationManager.m in Sources */ = {isa = PBXBuildFile; fileRef = CB30C00E22840EBF0004061D /* SADeviceOrientationManager.m */; };
		CB30C07C22840EC00004061D /* SAJSONUtil.h in Headers */ = {isa = PBXBuildFile; fileRef = CB30C00F22840EBF0004061D /* SAJSONUtil.h */; };
		CB30C07D22840EC00004061D /* SAConfigOptions.m in Sources */ = {isa = PBXBuildFile; fileRef = CB30C01022840EBF0004061D /* SAConfigOptions.m */; };
		CB30C07E22840EC00004061D /* NSObject+SensorsAnalyticsDelegate.m in Sources */ = {isa = PBXBuildFile; fileRef = CB30C01122840EBF0004061D /* NSObject+SensorsAnalyticsDelegate.m */; };
		CB30C07F22840EC00004061D /* SensorsAnalyticsExceptionHandler.h in Headers */ = {isa = PBXBuildFile; fileRef = CB30C01222840EBF0004061D /* SensorsAnalyticsExceptionHandler.h */; };
		CB30C08022840EC00004061D /* SACommonUtility.h in Headers */ = {isa = PBXBuildFile; fileRef = CB30C01322840EBF0004061D /* SACommonUtility.h */; };
		CB30C08122840EC00004061D /* SASwizzle.m in Sources */ = {isa = PBXBuildFile; fileRef = CB30C01422840EBF0004061D /* SASwizzle.m */; };
		CB30C08422840EC00004061D /* SAObjectSelector.h in Headers */ = {isa = PBXBuildFile; fileRef = CB30C01722840EBF0004061D /* SAObjectSelector.h */; };
		CB30C08522840EC00004061D /* SAConstants.m in Sources */ = {isa = PBXBuildFile; fileRef = CB30C01822840EBF0004061D /* SAConstants.m */; };
		CB30C08622840EC00004061D /* SAAbstractDesignerMessage.m in Sources */ = {isa = PBXBuildFile; fileRef = CB30C01922840EBF0004061D /* SAAbstractDesignerMessage.m */; };
		CB30C08722840EC00004061D /* SAClassDescription.m in Sources */ = {isa = PBXBuildFile; fileRef = CB30C01A22840EBF0004061D /* SAClassDescription.m */; };
		CB30C08822840EC00004061D /* SASDKRemoteConfig.h in Headers */ = {isa = PBXBuildFile; fileRef = CB30C01B22840EBF0004061D /* SASDKRemoteConfig.h */; };
		CB30C08922840EC00004061D /* SAObjectSerializerContext.m in Sources */ = {isa = PBXBuildFile; fileRef = CB30C01C22840EBF0004061D /* SAObjectSerializerContext.m */; };
		CB30C08B22840EC00004061D /* SAEnumDescription.h in Headers */ = {isa = PBXBuildFile; fileRef = CB30C01E22840EBF0004061D /* SAEnumDescription.h */; };
		CB30C08C22840EC00004061D /* SAObjectSerializer.m in Sources */ = {isa = PBXBuildFile; fileRef = CB30C01F22840EBF0004061D /* SAObjectSerializer.m */; };
		CB30C08D22840EC00004061D /* SASwizzler.h in Headers */ = {isa = PBXBuildFile; fileRef = CB30C02022840EBF0004061D /* SASwizzler.h */; };
		CB30C08E22840EC00004061D /* SAAppExtensionDataManager.h in Headers */ = {isa = PBXBuildFile; fileRef = CB30C02122840EBF0004061D /* SAAppExtensionDataManager.h */; };
		CB30C08F22840EC00004061D /* SAHeatMapSnapshotMessage.m in Sources */ = {isa = PBXBuildFile; fileRef = CB30C02322840EBF0004061D /* SAHeatMapSnapshotMessage.m */; };
		CB30C09022840EC00004061D /* SAHeatMapConnection.h in Headers */ = {isa = PBXBuildFile; fileRef = CB30C02422840EBF0004061D /* SAHeatMapConnection.h */; };
		CB30C09122840EC00004061D /* SAAbstractHeatMapMessage.h in Headers */ = {isa = PBXBuildFile; fileRef = CB30C02522840EBF0004061D /* SAAbstractHeatMapMessage.h */; };
		CB30C09222840EC00004061D /* SAHeatMapConnection.m in Sources */ = {isa = PBXBuildFile; fileRef = CB30C02622840EBF0004061D /* SAHeatMapConnection.m */; };
		CB30C09322840EC00004061D /* SAHeatMapSnapshotMessage.h in Headers */ = {isa = PBXBuildFile; fileRef = CB30C02722840EBF0004061D /* SAHeatMapSnapshotMessage.h */; };
		CB30C09422840EC00004061D /* SAHeatMapMessage.h in Headers */ = {isa = PBXBuildFile; fileRef = CB30C02822840EBF0004061D /* SAHeatMapMessage.h */; };
		CB30C09522840EC00004061D /* SAAbstractHeatMapMessage.m in Sources */ = {isa = PBXBuildFile; fileRef = CB30C02922840EBF0004061D /* SAAbstractHeatMapMessage.m */; };
		CB30C09622840EC00004061D /* SAPropertyDescription.h in Headers */ = {isa = PBXBuildFile; fileRef = CB30C02A22840EBF0004061D /* SAPropertyDescription.h */; };
		CB30C09722840EC00004061D /* SAAuxiliaryToolManager.m in Sources */ = {isa = PBXBuildFile; fileRef = CB30C02B22840EBF0004061D /* SAAuxiliaryToolManager.m */; };
		CB30C09822840EC00004061D /* SAReachability.m in Sources */ = {isa = PBXBuildFile; fileRef = CB30C02C22840EBF0004061D /* SAReachability.m */; };
		CB30C09922840EC00004061D /* SAGzipUtility.m in Sources */ = {isa = PBXBuildFile; fileRef = CB30C02D22840EBF0004061D /* SAGzipUtility.m */; };
		CB30C09A22840EC00004061D /* SensorsAnalyticsSDK.bundle in Resources */ = {isa = PBXBuildFile; fileRef = CB30C02E22840EBF0004061D /* SensorsAnalyticsSDK.bundle */; };
		CB30C09B22840EC00004061D /* SAObjectSerializerConfig.m in Sources */ = {isa = PBXBuildFile; fileRef = CB30C02F22840EBF0004061D /* SAObjectSerializerConfig.m */; };
		CB30C09C22840EC00004061D /* SAAlertController.h in Headers */ = {isa = PBXBuildFile; fileRef = CB30C03022840EBF0004061D /* SAAlertController.h */; };
		CB30C09D22840EC00004061D /* MessageQueueBySqlite.h in Headers */ = {isa = PBXBuildFile; fileRef = CB30C03122840EBF0004061D /* MessageQueueBySqlite.h */; };
		CB30C09E22840EC00004061D /* SAKeyChainItemWrapper.h in Headers */ = {isa = PBXBuildFile; fileRef = CB30C03222840EBF0004061D /* SAKeyChainItemWrapper.h */; };
		CB30C0A022840EC00004061D /* SAVisualizedAutoTrackSnapshotMessage.m in Sources */ = {isa = PBXBuildFile; fileRef = CB30C03522840EBF0004061D /* SAVisualizedAutoTrackSnapshotMessage.m */; };
		CB30C0A122840EC00004061D /* SAVisualizedAutoTrackMessage.h in Headers */ = {isa = PBXBuildFile; fileRef = CB30C03622840EBF0004061D /* SAVisualizedAutoTrackMessage.h */; };
		CB30C0A222840EC00004061D /* SAVisualizedAutoTrackConnection.m in Sources */ = {isa = PBXBuildFile; fileRef = CB30C03722840EBF0004061D /* SAVisualizedAutoTrackConnection.m */; };
		CB30C0A322840EC00004061D /* SAVisualizedAutoTrackAbstractMessage.h in Headers */ = {isa = PBXBuildFile; fileRef = CB30C03822840EBF0004061D /* SAVisualizedAutoTrackAbstractMessage.h */; };
		CB30C0A422840EC00004061D /* SAVisualizedAutoTrackSnapshotMessage.h in Headers */ = {isa = PBXBuildFile; fileRef = CB30C03922840EBF0004061D /* SAVisualizedAutoTrackSnapshotMessage.h */; };
		CB30C0A522840EC00004061D /* SAVisualizedAutoTrackAbstractMessage.m in Sources */ = {isa = PBXBuildFile; fileRef = CB30C03A22840EBF0004061D /* SAVisualizedAutoTrackAbstractMessage.m */; };
		CB30C0A622840EC00004061D /* SAVisualizedAutoTrackConnection.h in Headers */ = {isa = PBXBuildFile; fileRef = CB30C03B22840EBF0004061D /* SAVisualizedAutoTrackConnection.h */; };
		CB30C0A822840EC00004061D /* SALogger.h in Headers */ = {isa = PBXBuildFile; fileRef = CB30C03D22840EBF0004061D /* SALogger.h */; };
		CB30C0A922840EC00004061D /* SAValueTransformers.h in Headers */ = {isa = PBXBuildFile; fileRef = CB30C03E22840EBF0004061D /* SAValueTransformers.h */; };
		CB30C31322843D3A0004061D /* SensorsAnalyticsExtension.h in Headers */ = {isa = PBXBuildFile; fileRef = CB30C31122843D3A0004061D /* SensorsAnalyticsExtension.h */; settings = {ATTRIBUTES = (Public, ); }; };
		CB30C32522843E380004061D /* SAAppExtensionDataManager.m in Sources */ = {isa = PBXBuildFile; fileRef = CB30C32322843E380004061D /* SAAppExtensionDataManager.m */; };
		CB30C32622843E380004061D /* SAAppExtensionDataManager.h in Headers */ = {isa = PBXBuildFile; fileRef = CB30C32422843E380004061D /* SAAppExtensionDataManager.h */; settings = {ATTRIBUTES = (Public, ); }; };
		CB30C32922843E740004061D /* SAApplicationStateSerializer.h in Headers */ = {isa = PBXBuildFile; fileRef = CB30C32722843E730004061D /* SAApplicationStateSerializer.h */; };
		CB30C32A22843E740004061D /* SAApplicationStateSerializer.m in Sources */ = {isa = PBXBuildFile; fileRef = CB30C32822843E730004061D /* SAApplicationStateSerializer.m */; };
		CB6EBAE6228551EC003CFBA8 /* SensorsAnalyticsTests.m in Sources */ = {isa = PBXBuildFile; fileRef = CB6EBAE5228551EC003CFBA8 /* SensorsAnalyticsTests.m */; };
		CB6EBAE8228551ED003CFBA8 /* SensorsAnalyticsSDK.framework in Frameworks */ = {isa = PBXBuildFile; fileRef = CB30BD5422840CA40004061D /* SensorsAnalyticsSDK.framework */; };
		CB6EBAF322855222003CFBA8 /* cert.outdate.cer in Resources */ = {isa = PBXBuildFile; fileRef = CB6EBAEF22855222003CFBA8 /* cert.outdate.cer */; };
		CB6EBAF422855222003CFBA8 /* ca.cer1 in Resources */ = {isa = PBXBuildFile; fileRef = CB6EBAF022855222003CFBA8 /* ca.cer1 */; };
		CB6EBAF522855222003CFBA8 /* ca.der.cer in Resources */ = {isa = PBXBuildFile; fileRef = CB6EBAF122855222003CFBA8 /* ca.der.cer */; };
		CB6EBAF622855222003CFBA8 /* SANetworkTests.m in Sources */ = {isa = PBXBuildFile; fileRef = CB6EBAF222855222003CFBA8 /* SANetworkTests.m */; };
		CB6EBAF92285546F003CFBA8 /* SALogger.h in Headers */ = {isa = PBXBuildFile; fileRef = CB6EBAF72285546F003CFBA8 /* SALogger.h */; };
		CB6EBAFA2285546F003CFBA8 /* SALogger.m in Sources */ = {isa = PBXBuildFile; fileRef = CB6EBAF82285546F003CFBA8 /* SALogger.m */; };
		CB6EBB9C22857BC0003CFBA8 /* UIGestureRecognizer+AutoTrack.m in Sources */ = {isa = PBXBuildFile; fileRef = CB6EBB9122857BBF003CFBA8 /* UIGestureRecognizer+AutoTrack.m */; };
		CB6EBB9D22857BC0003CFBA8 /* UIGestureRecognizer+AutoTrack.h in Headers */ = {isa = PBXBuildFile; fileRef = CB6EBB9222857BBF003CFBA8 /* UIGestureRecognizer+AutoTrack.h */; };
		CB6EBB9E22857BC0003CFBA8 /* UIApplication+AutoTrack.m in Sources */ = {isa = PBXBuildFile; fileRef = CB6EBB9322857BBF003CFBA8 /* UIApplication+AutoTrack.m */; };
		CB6EBB9F22857BC0003CFBA8 /* UIApplication+AutoTrack.h in Headers */ = {isa = PBXBuildFile; fileRef = CB6EBB9422857BBF003CFBA8 /* UIApplication+AutoTrack.h */; };
		CB6EBBA122857BC0003CFBA8 /* UIView+AutoTrack.h in Headers */ = {isa = PBXBuildFile; fileRef = CB6EBB9622857BBF003CFBA8 /* UIView+AutoTrack.h */; };
		CB6EBBA222857BC0003CFBA8 /* SAAutoTrackProperty.h in Headers */ = {isa = PBXBuildFile; fileRef = CB6EBB9722857BC0003CFBA8 /* SAAutoTrackProperty.h */; };
		CB6EBBA322857BC0003CFBA8 /* UIView+AutoTrack.m in Sources */ = {isa = PBXBuildFile; fileRef = CB6EBB9822857BC0003CFBA8 /* UIView+AutoTrack.m */; };
		CB6EBBA422857BC0003CFBA8 /* SAAutoTrackUtils.m in Sources */ = {isa = PBXBuildFile; fileRef = CB6EBB9922857BC0003CFBA8 /* SAAutoTrackUtils.m */; };
		CB6EBBA522857BC0003CFBA8 /* SAAutoTrackUtils.h in Headers */ = {isa = PBXBuildFile; fileRef = CB6EBB9A22857BC0003CFBA8 /* SAAutoTrackUtils.h */; };
		CBE4DF03228AA1CB00DDE07D /* UIViewController+AutoTrack.h in Headers */ = {isa = PBXBuildFile; fileRef = CBE4DF01228AA1CA00DDE07D /* UIViewController+AutoTrack.h */; };
		CBE4DF04228AA1CB00DDE07D /* UIViewController+AutoTrack.m in Sources */ = {isa = PBXBuildFile; fileRef = CBE4DF02228AA1CB00DDE07D /* UIViewController+AutoTrack.m */; };
		FCBAF2A022FBCA3700D7CA38 /* SAWeakPropertyContainer.h in Headers */ = {isa = PBXBuildFile; fileRef = FCBAF29E22FBCA3700D7CA38 /* SAWeakPropertyContainer.h */; };
		FCBAF2A122FBCA3700D7CA38 /* SAWeakPropertyContainer.m in Sources */ = {isa = PBXBuildFile; fileRef = FCBAF29F22FBCA3700D7CA38 /* SAWeakPropertyContainer.m */; };
/* End PBXBuildFile section */

/* Begin PBXContainerItemProxy section */
		CB6EBAE9228551ED003CFBA8 /* PBXContainerItemProxy */ = {
			isa = PBXContainerItemProxy;
			containerPortal = CB30BD4B22840CA40004061D /* Project object */;
			proxyType = 1;
			remoteGlobalIDString = CB30BD5322840CA40004061D;
			remoteInfo = SensorsAnalyticsSDK;
		};
/* End PBXContainerItemProxy section */

/* Begin PBXFileReference section */
		4D017F4622E7108000492D75 /* SADataEncryptBuilder.h */ = {isa = PBXFileReference; lastKnownFileType = sourcecode.c.h; path = SADataEncryptBuilder.h; sourceTree = "<group>"; };
		4D017F4722E7108000492D75 /* SADataEncryptBuilder.m */ = {isa = PBXFileReference; lastKnownFileType = sourcecode.c.objc; path = SADataEncryptBuilder.m; sourceTree = "<group>"; };
		4D6A188E22978F5B00F6B218 /* ElementViewController.m */ = {isa = PBXFileReference; fileEncoding = 4; lastKnownFileType = sourcecode.c.objc; path = ElementViewController.m; sourceTree = "<group>"; };
		4D6A188F22978F5B00F6B218 /* SAAutoTrackUtilsTest.m */ = {isa = PBXFileReference; fileEncoding = 4; lastKnownFileType = sourcecode.c.objc; path = SAAutoTrackUtilsTest.m; sourceTree = "<group>"; };
		4D6A189022978F5B00F6B218 /* ElementViewController.h */ = {isa = PBXFileReference; fileEncoding = 4; lastKnownFileType = sourcecode.c.h; path = ElementViewController.h; sourceTree = "<group>"; };
		4D8CE4C622E872B400829B29 /* Security.framework */ = {isa = PBXFileReference; lastKnownFileType = wrapper.framework; name = Security.framework; path = System/Library/Frameworks/Security.framework; sourceTree = SDKROOT; };
		656D61EE22EC453100E0DA06 /* SAEncryptUtils.m */ = {isa = PBXFileReference; fileEncoding = 4; lastKnownFileType = sourcecode.c.objc; path = SAEncryptUtils.m; sourceTree = "<group>"; };
		656D61EF22EC453100E0DA06 /* SAEncryptUtils.h */ = {isa = PBXFileReference; fileEncoding = 4; lastKnownFileType = sourcecode.c.h; path = SAEncryptUtils.h; sourceTree = "<group>"; };
		CB30BD5422840CA40004061D /* SensorsAnalyticsSDK.framework */ = {isa = PBXFileReference; explicitFileType = wrapper.framework; includeInIndex = 0; path = SensorsAnalyticsSDK.framework; sourceTree = BUILT_PRODUCTS_DIR; };
		CB30BFD222840EBF0004061D /* SATypeDescription.m */ = {isa = PBXFileReference; fileEncoding = 4; lastKnownFileType = sourcecode.c.objc; path = SATypeDescription.m; sourceTree = "<group>"; };
		CB30BFD322840EBF0004061D /* SASecurityPolicy.m */ = {isa = PBXFileReference; fileEncoding = 4; lastKnownFileType = sourcecode.c.objc; path = SASecurityPolicy.m; sourceTree = "<group>"; };
		CB30BFD522840EBF0004061D /* NSString+HashCode.m */ = {isa = PBXFileReference; fileEncoding = 4; lastKnownFileType = sourcecode.c.objc; path = "NSString+HashCode.m"; sourceTree = "<group>"; };
		CB30BFD622840EBF0004061D /* UIView+SAHelpers.h */ = {isa = PBXFileReference; fileEncoding = 4; lastKnownFileType = sourcecode.c.h; path = "UIView+SAHelpers.h"; sourceTree = "<group>"; };
		CB30BFD722840EBF0004061D /* SANetwork+URLUtils.m */ = {isa = PBXFileReference; fileEncoding = 4; lastKnownFileType = sourcecode.c.objc; path = "SANetwork+URLUtils.m"; sourceTree = "<group>"; };
		CB30BFD822840EBF0004061D /* NSInvocation+SAHelpers.h */ = {isa = PBXFileReference; fileEncoding = 4; lastKnownFileType = sourcecode.c.h; path = "NSInvocation+SAHelpers.h"; sourceTree = "<group>"; };
		CB30BFD922840EBF0004061D /* SAObjectIdentityProvider.h */ = {isa = PBXFileReference; fileEncoding = 4; lastKnownFileType = sourcecode.c.h; path = SAObjectIdentityProvider.h; sourceTree = "<group>"; };
		CB30BFDB22840EBF0004061D /* SANetwork.m */ = {isa = PBXFileReference; fileEncoding = 4; lastKnownFileType = sourcecode.c.objc; path = SANetwork.m; sourceTree = "<group>"; };
		CB30BFDC22840EBF0004061D /* SensorsAnalyticsSDK.m */ = {isa = PBXFileReference; fileEncoding = 4; lastKnownFileType = sourcecode.c.objc; path = SensorsAnalyticsSDK.m; sourceTree = "<group>"; };
		CB30BFDD22840EBF0004061D /* SAObjectSerializerContext.h */ = {isa = PBXFileReference; fileEncoding = 4; lastKnownFileType = sourcecode.c.h; path = SAObjectSerializerContext.h; sourceTree = "<group>"; };
		CB30BFDF22840EBF0004061D /* SAClassDescription.h */ = {isa = PBXFileReference; fileEncoding = 4; lastKnownFileType = sourcecode.c.h; path = SAClassDescription.h; sourceTree = "<group>"; };
		CB30BFE022840EBF0004061D /* SASDKRemoteConfig.m */ = {isa = PBXFileReference; fileEncoding = 4; lastKnownFileType = sourcecode.c.objc; path = SASDKRemoteConfig.m; sourceTree = "<group>"; };
		CB30BFE122840EBF0004061D /* SAAbstractDesignerMessage.h */ = {isa = PBXFileReference; fileEncoding = 4; lastKnownFileType = sourcecode.c.h; path = SAAbstractDesignerMessage.h; sourceTree = "<group>"; };
		CB30BFE222840EBF0004061D /* SAObjectSelector.m */ = {isa = PBXFileReference; fileEncoding = 4; lastKnownFileType = sourcecode.c.objc; path = SAObjectSelector.m; sourceTree = "<group>"; };
		CB30BFE322840EBF0004061D /* SAConstants.h */ = {isa = PBXFileReference; fileEncoding = 4; lastKnownFileType = sourcecode.c.h; path = SAConstants.h; sourceTree = "<group>"; };
		CB30BFE422840EBF0004061D /* SASwizzle.h */ = {isa = PBXFileReference; fileEncoding = 4; lastKnownFileType = sourcecode.c.h; path = SASwizzle.h; sourceTree = "<group>"; };
		CB30BFE722840EBF0004061D /* SensorsAnalyticsExceptionHandler.m */ = {isa = PBXFileReference; fileEncoding = 4; lastKnownFileType = sourcecode.c.objc; path = SensorsAnalyticsExceptionHandler.m; sourceTree = "<group>"; };
		CB30BFE822840EBF0004061D /* NSObject+SensorsAnalyticsDelegate.h */ = {isa = PBXFileReference; fileEncoding = 4; lastKnownFileType = sourcecode.c.h; path = "NSObject+SensorsAnalyticsDelegate.h"; sourceTree = "<group>"; };
		CB30BFE922840EBF0004061D /* SACommonUtility.m */ = {isa = PBXFileReference; fileEncoding = 4; lastKnownFileType = sourcecode.c.objc; path = SACommonUtility.m; sourceTree = "<group>"; };
		CB30BFEA22840EBF0004061D /* SAJSONUtil.m */ = {isa = PBXFileReference; fileEncoding = 4; lastKnownFileType = sourcecode.c.objc; path = SAJSONUtil.m; sourceTree = "<group>"; };
		CB30BFEB22840EBF0004061D /* SADeviceOrientationManager.h */ = {isa = PBXFileReference; fileEncoding = 4; lastKnownFileType = sourcecode.c.h; path = SADeviceOrientationManager.h; sourceTree = "<group>"; };
		CB30BFEC22840EBF0004061D /* SAConfigOptions.h */ = {isa = PBXFileReference; fileEncoding = 4; lastKnownFileType = sourcecode.c.h; path = SAConfigOptions.h; sourceTree = "<group>"; };
		CB30BFED22840EBF0004061D /* SAConstants+Private.h */ = {isa = PBXFileReference; fileEncoding = 4; lastKnownFileType = sourcecode.c.h; path = "SAConstants+Private.h"; sourceTree = "<group>"; };
		CB30BFEF22840EBF0004061D /* SALocationManager.h */ = {isa = PBXFileReference; fileEncoding = 4; lastKnownFileType = sourcecode.c.h; path = SALocationManager.h; sourceTree = "<group>"; };
		CB30BFF022840EBF0004061D /* SAAlertController.m */ = {isa = PBXFileReference; fileEncoding = 4; lastKnownFileType = sourcecode.c.objc; path = SAAlertController.m; sourceTree = "<group>"; };
		CB30BFF122840EBF0004061D /* SAObjectSerializerConfig.h */ = {isa = PBXFileReference; fileEncoding = 4; lastKnownFileType = sourcecode.c.h; path = SAObjectSerializerConfig.h; sourceTree = "<group>"; };
		CB30BFF222840EBF0004061D /* SAGzipUtility.h */ = {isa = PBXFileReference; fileEncoding = 4; lastKnownFileType = sourcecode.c.h; path = SAGzipUtility.h; sourceTree = "<group>"; };
		CB30BFF322840EBF0004061D /* SAAuxiliaryToolManager.h */ = {isa = PBXFileReference; fileEncoding = 4; lastKnownFileType = sourcecode.c.h; path = SAAuxiliaryToolManager.h; sourceTree = "<group>"; };
		CB30BFF422840EBF0004061D /* SAReachability.h */ = {isa = PBXFileReference; fileEncoding = 4; lastKnownFileType = sourcecode.c.h; path = SAReachability.h; sourceTree = "<group>"; };
		CB30BFF522840EBF0004061D /* SAPropertyDescription.m */ = {isa = PBXFileReference; fileEncoding = 4; lastKnownFileType = sourcecode.c.objc; path = SAPropertyDescription.m; sourceTree = "<group>"; };
		CB30BFF622840EBF0004061D /* SensorsAnalyticsSDK+Private.h */ = {isa = PBXFileReference; fileEncoding = 4; lastKnownFileType = sourcecode.c.h; path = "SensorsAnalyticsSDK+Private.h"; sourceTree = "<group>"; };
		CB30BFF722840EBF0004061D /* SAAppExtensionDataManager.m */ = {isa = PBXFileReference; fileEncoding = 4; lastKnownFileType = sourcecode.c.objc; path = SAAppExtensionDataManager.m; sourceTree = "<group>"; };
		CB30BFF822840EBF0004061D /* SASwizzler.m */ = {isa = PBXFileReference; fileEncoding = 4; lastKnownFileType = sourcecode.c.objc; path = SASwizzler.m; sourceTree = "<group>"; };
		CB30BFF922840EBF0004061D /* SAObjectSerializer.h */ = {isa = PBXFileReference; fileEncoding = 4; lastKnownFileType = sourcecode.c.h; path = SAObjectSerializer.h; sourceTree = "<group>"; };
		CB30BFFA22840EBF0004061D /* SAEnumDescription.m */ = {isa = PBXFileReference; fileEncoding = 4; lastKnownFileType = sourcecode.c.objc; path = SAEnumDescription.m; sourceTree = "<group>"; };
		CB30BFFB22840EBF0004061D /* SAValueTransformers.m */ = {isa = PBXFileReference; fileEncoding = 4; lastKnownFileType = sourcecode.c.objc; path = SAValueTransformers.m; sourceTree = "<group>"; };
		CB30BFFC22840EBF0004061D /* SALogger.m */ = {isa = PBXFileReference; fileEncoding = 4; lastKnownFileType = sourcecode.c.objc; path = SALogger.m; sourceTree = "<group>"; };
		CB30BFFE22840EBF0004061D /* SAKeyChainItemWrapper.m */ = {isa = PBXFileReference; fileEncoding = 4; lastKnownFileType = sourcecode.c.objc; path = SAKeyChainItemWrapper.m; sourceTree = "<group>"; };
		CB30BFFF22840EBF0004061D /* MessageQueueBySqlite.m */ = {isa = PBXFileReference; fileEncoding = 4; lastKnownFileType = sourcecode.c.objc; path = MessageQueueBySqlite.m; sourceTree = "<group>"; };
		CB30C00022840EBF0004061D /* SANetwork.h */ = {isa = PBXFileReference; fileEncoding = 4; lastKnownFileType = sourcecode.c.h; path = SANetwork.h; sourceTree = "<group>"; };
		CB30C00122840EBF0004061D /* SensorsAnalyticsSDK.h */ = {isa = PBXFileReference; fileEncoding = 4; lastKnownFileType = sourcecode.c.h; path = SensorsAnalyticsSDK.h; sourceTree = "<group>"; };
		CB30C00322840EBF0004061D /* SADesignerMessage.h */ = {isa = PBXFileReference; fileEncoding = 4; lastKnownFileType = sourcecode.c.h; path = SADesignerMessage.h; sourceTree = "<group>"; };
		CB30C00422840EBF0004061D /* SAObjectIdentityProvider.m */ = {isa = PBXFileReference; fileEncoding = 4; lastKnownFileType = sourcecode.c.objc; path = SAObjectIdentityProvider.m; sourceTree = "<group>"; };
		CB30C00522840EBF0004061D /* NSInvocation+SAHelpers.m */ = {isa = PBXFileReference; fileEncoding = 4; lastKnownFileType = sourcecode.c.objc; path = "NSInvocation+SAHelpers.m"; sourceTree = "<group>"; };
		CB30C00622840EBF0004061D /* SANetwork+URLUtils.h */ = {isa = PBXFileReference; fileEncoding = 4; lastKnownFileType = sourcecode.c.h; path = "SANetwork+URLUtils.h"; sourceTree = "<group>"; };
		CB30C00722840EBF0004061D /* UIView+SAHelpers.m */ = {isa = PBXFileReference; fileEncoding = 4; lastKnownFileType = sourcecode.c.objc; path = "UIView+SAHelpers.m"; sourceTree = "<group>"; };
		CB30C00922840EBF0004061D /* NSString+HashCode.h */ = {isa = PBXFileReference; fileEncoding = 4; lastKnownFileType = sourcecode.c.h; path = "NSString+HashCode.h"; sourceTree = "<group>"; };
		CB30C00A22840EBF0004061D /* SATypeDescription.h */ = {isa = PBXFileReference; fileEncoding = 4; lastKnownFileType = sourcecode.c.h; path = SATypeDescription.h; sourceTree = "<group>"; };
		CB30C00B22840EBF0004061D /* SASecurityPolicy.h */ = {isa = PBXFileReference; fileEncoding = 4; lastKnownFileType = sourcecode.c.h; path = SASecurityPolicy.h; sourceTree = "<group>"; };
		CB30C00C22840EBF0004061D /* SALocationManager.m */ = {isa = PBXFileReference; fileEncoding = 4; lastKnownFileType = sourcecode.c.objc; path = SALocationManager.m; sourceTree = "<group>"; };
		CB30C00E22840EBF0004061D /* SADeviceOrientationManager.m */ = {isa = PBXFileReference; fileEncoding = 4; lastKnownFileType = sourcecode.c.objc; path = SADeviceOrientationManager.m; sourceTree = "<group>"; };
		CB30C00F22840EBF0004061D /* SAJSONUtil.h */ = {isa = PBXFileReference; fileEncoding = 4; lastKnownFileType = sourcecode.c.h; path = SAJSONUtil.h; sourceTree = "<group>"; };
		CB30C01022840EBF0004061D /* SAConfigOptions.m */ = {isa = PBXFileReference; fileEncoding = 4; lastKnownFileType = sourcecode.c.objc; path = SAConfigOptions.m; sourceTree = "<group>"; };
		CB30C01122840EBF0004061D /* NSObject+SensorsAnalyticsDelegate.m */ = {isa = PBXFileReference; fileEncoding = 4; lastKnownFileType = sourcecode.c.objc; path = "NSObject+SensorsAnalyticsDelegate.m"; sourceTree = "<group>"; };
		CB30C01222840EBF0004061D /* SensorsAnalyticsExceptionHandler.h */ = {isa = PBXFileReference; fileEncoding = 4; lastKnownFileType = sourcecode.c.h; path = SensorsAnalyticsExceptionHandler.h; sourceTree = "<group>"; };
		CB30C01322840EBF0004061D /* SACommonUtility.h */ = {isa = PBXFileReference; fileEncoding = 4; lastKnownFileType = sourcecode.c.h; path = SACommonUtility.h; sourceTree = "<group>"; };
		CB30C01422840EBF0004061D /* SASwizzle.m */ = {isa = PBXFileReference; fileEncoding = 4; lastKnownFileType = sourcecode.c.objc; path = SASwizzle.m; sourceTree = "<group>"; };
		CB30C01722840EBF0004061D /* SAObjectSelector.h */ = {isa = PBXFileReference; fileEncoding = 4; lastKnownFileType = sourcecode.c.h; path = SAObjectSelector.h; sourceTree = "<group>"; };
		CB30C01822840EBF0004061D /* SAConstants.m */ = {isa = PBXFileReference; fileEncoding = 4; lastKnownFileType = sourcecode.c.objc; path = SAConstants.m; sourceTree = "<group>"; };
		CB30C01922840EBF0004061D /* SAAbstractDesignerMessage.m */ = {isa = PBXFileReference; fileEncoding = 4; lastKnownFileType = sourcecode.c.objc; path = SAAbstractDesignerMessage.m; sourceTree = "<group>"; };
		CB30C01A22840EBF0004061D /* SAClassDescription.m */ = {isa = PBXFileReference; fileEncoding = 4; lastKnownFileType = sourcecode.c.objc; path = SAClassDescription.m; sourceTree = "<group>"; };
		CB30C01B22840EBF0004061D /* SASDKRemoteConfig.h */ = {isa = PBXFileReference; fileEncoding = 4; lastKnownFileType = sourcecode.c.h; path = SASDKRemoteConfig.h; sourceTree = "<group>"; };
		CB30C01C22840EBF0004061D /* SAObjectSerializerContext.m */ = {isa = PBXFileReference; fileEncoding = 4; lastKnownFileType = sourcecode.c.objc; path = SAObjectSerializerContext.m; sourceTree = "<group>"; };
		CB30C01E22840EBF0004061D /* SAEnumDescription.h */ = {isa = PBXFileReference; fileEncoding = 4; lastKnownFileType = sourcecode.c.h; path = SAEnumDescription.h; sourceTree = "<group>"; };
		CB30C01F22840EBF0004061D /* SAObjectSerializer.m */ = {isa = PBXFileReference; fileEncoding = 4; lastKnownFileType = sourcecode.c.objc; path = SAObjectSerializer.m; sourceTree = "<group>"; };
		CB30C02022840EBF0004061D /* SASwizzler.h */ = {isa = PBXFileReference; fileEncoding = 4; lastKnownFileType = sourcecode.c.h; path = SASwizzler.h; sourceTree = "<group>"; };
		CB30C02122840EBF0004061D /* SAAppExtensionDataManager.h */ = {isa = PBXFileReference; fileEncoding = 4; lastKnownFileType = sourcecode.c.h; path = SAAppExtensionDataManager.h; sourceTree = "<group>"; };
		CB30C02322840EBF0004061D /* SAHeatMapSnapshotMessage.m */ = {isa = PBXFileReference; fileEncoding = 4; lastKnownFileType = sourcecode.c.objc; path = SAHeatMapSnapshotMessage.m; sourceTree = "<group>"; };
		CB30C02422840EBF0004061D /* SAHeatMapConnection.h */ = {isa = PBXFileReference; fileEncoding = 4; lastKnownFileType = sourcecode.c.h; path = SAHeatMapConnection.h; sourceTree = "<group>"; };
		CB30C02522840EBF0004061D /* SAAbstractHeatMapMessage.h */ = {isa = PBXFileReference; fileEncoding = 4; lastKnownFileType = sourcecode.c.h; path = SAAbstractHeatMapMessage.h; sourceTree = "<group>"; };
		CB30C02622840EBF0004061D /* SAHeatMapConnection.m */ = {isa = PBXFileReference; fileEncoding = 4; lastKnownFileType = sourcecode.c.objc; path = SAHeatMapConnection.m; sourceTree = "<group>"; };
		CB30C02722840EBF0004061D /* SAHeatMapSnapshotMessage.h */ = {isa = PBXFileReference; fileEncoding = 4; lastKnownFileType = sourcecode.c.h; path = SAHeatMapSnapshotMessage.h; sourceTree = "<group>"; };
		CB30C02822840EBF0004061D /* SAHeatMapMessage.h */ = {isa = PBXFileReference; fileEncoding = 4; lastKnownFileType = sourcecode.c.h; path = SAHeatMapMessage.h; sourceTree = "<group>"; };
		CB30C02922840EBF0004061D /* SAAbstractHeatMapMessage.m */ = {isa = PBXFileReference; fileEncoding = 4; lastKnownFileType = sourcecode.c.objc; path = SAAbstractHeatMapMessage.m; sourceTree = "<group>"; };
		CB30C02A22840EBF0004061D /* SAPropertyDescription.h */ = {isa = PBXFileReference; fileEncoding = 4; lastKnownFileType = sourcecode.c.h; path = SAPropertyDescription.h; sourceTree = "<group>"; };
		CB30C02B22840EBF0004061D /* SAAuxiliaryToolManager.m */ = {isa = PBXFileReference; fileEncoding = 4; lastKnownFileType = sourcecode.c.objc; path = SAAuxiliaryToolManager.m; sourceTree = "<group>"; };
		CB30C02C22840EBF0004061D /* SAReachability.m */ = {isa = PBXFileReference; fileEncoding = 4; lastKnownFileType = sourcecode.c.objc; path = SAReachability.m; sourceTree = "<group>"; };
		CB30C02D22840EBF0004061D /* SAGzipUtility.m */ = {isa = PBXFileReference; fileEncoding = 4; lastKnownFileType = sourcecode.c.objc; path = SAGzipUtility.m; sourceTree = "<group>"; };
		CB30C02E22840EBF0004061D /* SensorsAnalyticsSDK.bundle */ = {isa = PBXFileReference; lastKnownFileType = "wrapper.plug-in"; path = SensorsAnalyticsSDK.bundle; sourceTree = "<group>"; };
		CB30C02F22840EBF0004061D /* SAObjectSerializerConfig.m */ = {isa = PBXFileReference; fileEncoding = 4; lastKnownFileType = sourcecode.c.objc; path = SAObjectSerializerConfig.m; sourceTree = "<group>"; };
		CB30C03022840EBF0004061D /* SAAlertController.h */ = {isa = PBXFileReference; fileEncoding = 4; lastKnownFileType = sourcecode.c.h; path = SAAlertController.h; sourceTree = "<group>"; };
		CB30C03122840EBF0004061D /* MessageQueueBySqlite.h */ = {isa = PBXFileReference; fileEncoding = 4; lastKnownFileType = sourcecode.c.h; path = MessageQueueBySqlite.h; sourceTree = "<group>"; };
		CB30C03222840EBF0004061D /* SAKeyChainItemWrapper.h */ = {isa = PBXFileReference; fileEncoding = 4; lastKnownFileType = sourcecode.c.h; path = SAKeyChainItemWrapper.h; sourceTree = "<group>"; };
		CB30C03522840EBF0004061D /* SAVisualizedAutoTrackSnapshotMessage.m */ = {isa = PBXFileReference; fileEncoding = 4; lastKnownFileType = sourcecode.c.objc; path = SAVisualizedAutoTrackSnapshotMessage.m; sourceTree = "<group>"; };
		CB30C03622840EBF0004061D /* SAVisualizedAutoTrackMessage.h */ = {isa = PBXFileReference; fileEncoding = 4; lastKnownFileType = sourcecode.c.h; path = SAVisualizedAutoTrackMessage.h; sourceTree = "<group>"; };
		CB30C03722840EBF0004061D /* SAVisualizedAutoTrackConnection.m */ = {isa = PBXFileReference; fileEncoding = 4; lastKnownFileType = sourcecode.c.objc; path = SAVisualizedAutoTrackConnection.m; sourceTree = "<group>"; };
		CB30C03822840EBF0004061D /* SAVisualizedAutoTrackAbstractMessage.h */ = {isa = PBXFileReference; fileEncoding = 4; lastKnownFileType = sourcecode.c.h; path = SAVisualizedAutoTrackAbstractMessage.h; sourceTree = "<group>"; };
		CB30C03922840EBF0004061D /* SAVisualizedAutoTrackSnapshotMessage.h */ = {isa = PBXFileReference; fileEncoding = 4; lastKnownFileType = sourcecode.c.h; path = SAVisualizedAutoTrackSnapshotMessage.h; sourceTree = "<group>"; };
		CB30C03A22840EBF0004061D /* SAVisualizedAutoTrackAbstractMessage.m */ = {isa = PBXFileReference; fileEncoding = 4; lastKnownFileType = sourcecode.c.objc; path = SAVisualizedAutoTrackAbstractMessage.m; sourceTree = "<group>"; };
		CB30C03B22840EBF0004061D /* SAVisualizedAutoTrackConnection.h */ = {isa = PBXFileReference; fileEncoding = 4; lastKnownFileType = sourcecode.c.h; path = SAVisualizedAutoTrackConnection.h; sourceTree = "<group>"; };
		CB30C03D22840EBF0004061D /* SALogger.h */ = {isa = PBXFileReference; fileEncoding = 4; lastKnownFileType = sourcecode.c.h; path = SALogger.h; sourceTree = "<group>"; };
		CB30C03E22840EBF0004061D /* SAValueTransformers.h */ = {isa = PBXFileReference; fileEncoding = 4; lastKnownFileType = sourcecode.c.h; path = SAValueTransformers.h; sourceTree = "<group>"; };
		CB30C30F22843D3A0004061D /* SensorsAnalyticsExtension.framework */ = {isa = PBXFileReference; explicitFileType = wrapper.framework; includeInIndex = 0; path = SensorsAnalyticsExtension.framework; sourceTree = BUILT_PRODUCTS_DIR; };
		CB30C31122843D3A0004061D /* SensorsAnalyticsExtension.h */ = {isa = PBXFileReference; lastKnownFileType = sourcecode.c.h; path = SensorsAnalyticsExtension.h; sourceTree = "<group>"; };
		CB30C32322843E380004061D /* SAAppExtensionDataManager.m */ = {isa = PBXFileReference; fileEncoding = 4; lastKnownFileType = sourcecode.c.objc; name = SAAppExtensionDataManager.m; path = SensorsAnalyticsSDK/SAAppExtensionDataManager.m; sourceTree = SOURCE_ROOT; };
		CB30C32422843E380004061D /* SAAppExtensionDataManager.h */ = {isa = PBXFileReference; fileEncoding = 4; lastKnownFileType = sourcecode.c.h; name = SAAppExtensionDataManager.h; path = SensorsAnalyticsSDK/SAAppExtensionDataManager.h; sourceTree = SOURCE_ROOT; };
		CB30C32722843E730004061D /* SAApplicationStateSerializer.h */ = {isa = PBXFileReference; fileEncoding = 4; lastKnownFileType = sourcecode.c.h; path = SAApplicationStateSerializer.h; sourceTree = "<group>"; };
		CB30C32822843E730004061D /* SAApplicationStateSerializer.m */ = {isa = PBXFileReference; fileEncoding = 4; lastKnownFileType = sourcecode.c.objc; path = SAApplicationStateSerializer.m; sourceTree = "<group>"; };
		CB6EBAE3228551EC003CFBA8 /* SensorsAnalyticsTests.xctest */ = {isa = PBXFileReference; explicitFileType = wrapper.cfbundle; includeInIndex = 0; path = SensorsAnalyticsTests.xctest; sourceTree = BUILT_PRODUCTS_DIR; };
		CB6EBAE5228551EC003CFBA8 /* SensorsAnalyticsTests.m */ = {isa = PBXFileReference; lastKnownFileType = sourcecode.c.objc; path = SensorsAnalyticsTests.m; sourceTree = "<group>"; };
		CB6EBAE7228551EC003CFBA8 /* Info.plist */ = {isa = PBXFileReference; lastKnownFileType = text.plist.xml; path = Info.plist; sourceTree = "<group>"; };
		CB6EBAEF22855222003CFBA8 /* cert.outdate.cer */ = {isa = PBXFileReference; lastKnownFileType = file; path = cert.outdate.cer; sourceTree = "<group>"; };
		CB6EBAF022855222003CFBA8 /* ca.cer1 */ = {isa = PBXFileReference; fileEncoding = 4; lastKnownFileType = text; path = ca.cer1; sourceTree = "<group>"; };
		CB6EBAF122855222003CFBA8 /* ca.der.cer */ = {isa = PBXFileReference; lastKnownFileType = file; path = ca.der.cer; sourceTree = "<group>"; };
		CB6EBAF222855222003CFBA8 /* SANetworkTests.m */ = {isa = PBXFileReference; fileEncoding = 4; lastKnownFileType = sourcecode.c.objc; path = SANetworkTests.m; sourceTree = "<group>"; };
		CB6EBAF72285546F003CFBA8 /* SALogger.h */ = {isa = PBXFileReference; fileEncoding = 4; lastKnownFileType = sourcecode.c.h; name = SALogger.h; path = SensorsAnalyticsSDK/SALogger.h; sourceTree = SOURCE_ROOT; };
		CB6EBAF82285546F003CFBA8 /* SALogger.m */ = {isa = PBXFileReference; fileEncoding = 4; lastKnownFileType = sourcecode.c.objc; name = SALogger.m; path = SensorsAnalyticsSDK/SALogger.m; sourceTree = SOURCE_ROOT; };
		CB6EBB9122857BBF003CFBA8 /* UIGestureRecognizer+AutoTrack.m */ = {isa = PBXFileReference; fileEncoding = 4; lastKnownFileType = sourcecode.c.objc; path = "UIGestureRecognizer+AutoTrack.m"; sourceTree = "<group>"; };
		CB6EBB9222857BBF003CFBA8 /* UIGestureRecognizer+AutoTrack.h */ = {isa = PBXFileReference; fileEncoding = 4; lastKnownFileType = sourcecode.c.h; path = "UIGestureRecognizer+AutoTrack.h"; sourceTree = "<group>"; };
		CB6EBB9322857BBF003CFBA8 /* UIApplication+AutoTrack.m */ = {isa = PBXFileReference; fileEncoding = 4; lastKnownFileType = sourcecode.c.objc; path = "UIApplication+AutoTrack.m"; sourceTree = "<group>"; };
		CB6EBB9422857BBF003CFBA8 /* UIApplication+AutoTrack.h */ = {isa = PBXFileReference; fileEncoding = 4; lastKnownFileType = sourcecode.c.h; path = "UIApplication+AutoTrack.h"; sourceTree = "<group>"; };
		CB6EBB9622857BBF003CFBA8 /* UIView+AutoTrack.h */ = {isa = PBXFileReference; fileEncoding = 4; lastKnownFileType = sourcecode.c.h; path = "UIView+AutoTrack.h"; sourceTree = "<group>"; };
		CB6EBB9722857BC0003CFBA8 /* SAAutoTrackProperty.h */ = {isa = PBXFileReference; fileEncoding = 4; lastKnownFileType = sourcecode.c.h; path = SAAutoTrackProperty.h; sourceTree = "<group>"; };
		CB6EBB9822857BC0003CFBA8 /* UIView+AutoTrack.m */ = {isa = PBXFileReference; fileEncoding = 4; lastKnownFileType = sourcecode.c.objc; path = "UIView+AutoTrack.m"; sourceTree = "<group>"; };
		CB6EBB9922857BC0003CFBA8 /* SAAutoTrackUtils.m */ = {isa = PBXFileReference; fileEncoding = 4; lastKnownFileType = sourcecode.c.objc; path = SAAutoTrackUtils.m; sourceTree = "<group>"; };
		CB6EBB9A22857BC0003CFBA8 /* SAAutoTrackUtils.h */ = {isa = PBXFileReference; fileEncoding = 4; lastKnownFileType = sourcecode.c.h; path = SAAutoTrackUtils.h; sourceTree = "<group>"; };
		CBE4DF01228AA1CA00DDE07D /* UIViewController+AutoTrack.h */ = {isa = PBXFileReference; fileEncoding = 4; lastKnownFileType = sourcecode.c.h; path = "UIViewController+AutoTrack.h"; sourceTree = "<group>"; };
		CBE4DF02228AA1CB00DDE07D /* UIViewController+AutoTrack.m */ = {isa = PBXFileReference; fileEncoding = 4; lastKnownFileType = sourcecode.c.objc; path = "UIViewController+AutoTrack.m"; sourceTree = "<group>"; };
		FCBAF29E22FBCA3700D7CA38 /* SAWeakPropertyContainer.h */ = {isa = PBXFileReference; lastKnownFileType = sourcecode.c.h; path = SAWeakPropertyContainer.h; sourceTree = "<group>"; };
		FCBAF29F22FBCA3700D7CA38 /* SAWeakPropertyContainer.m */ = {isa = PBXFileReference; lastKnownFileType = sourcecode.c.objc; path = SAWeakPropertyContainer.m; sourceTree = "<group>"; };
/* End PBXFileReference section */

/* Begin PBXFrameworksBuildPhase section */
		CB30BD5122840CA40004061D /* Frameworks */ = {
			isa = PBXFrameworksBuildPhase;
			buildActionMask = 2147483647;
			files = (
			);
			runOnlyForDeploymentPostprocessing = 0;
		};
		CB30C30C22843D3A0004061D /* Frameworks */ = {
			isa = PBXFrameworksBuildPhase;
			buildActionMask = 2147483647;
			files = (
			);
			runOnlyForDeploymentPostprocessing = 0;
		};
		CB6EBAE0228551EC003CFBA8 /* Frameworks */ = {
			isa = PBXFrameworksBuildPhase;
			buildActionMask = 2147483647;
			files = (
				CB6EBAE8228551ED003CFBA8 /* SensorsAnalyticsSDK.framework in Frameworks */,
			);
			runOnlyForDeploymentPostprocessing = 0;
		};
/* End PBXFrameworksBuildPhase section */

/* Begin PBXGroup section */
		4D017F3F22E70A7D00492D75 /* Encrypt */ = {
			isa = PBXGroup;
			children = (
				656D61EF22EC453100E0DA06 /* SAEncryptUtils.h */,
				656D61EE22EC453100E0DA06 /* SAEncryptUtils.m */,
				4D017F4622E7108000492D75 /* SADataEncryptBuilder.h */,
				4D017F4722E7108000492D75 /* SADataEncryptBuilder.m */,
			);
			name = Encrypt;
			sourceTree = "<group>";
		};
		4D6A188D22978F5B00F6B218 /* AutoTrack */ = {
			isa = PBXGroup;
			children = (
				4D6A189022978F5B00F6B218 /* ElementViewController.h */,
				4D6A188E22978F5B00F6B218 /* ElementViewController.m */,
				4D6A188F22978F5B00F6B218 /* SAAutoTrackUtilsTest.m */,
			);
			path = AutoTrack;
			sourceTree = "<group>";
		};
		4D8CE4C522E872B400829B29 /* Frameworks */ = {
			isa = PBXGroup;
			children = (
				4D8CE4C622E872B400829B29 /* Security.framework */,
			);
			name = Frameworks;
			sourceTree = "<group>";
		};
		CB30BD4A22840CA40004061D = {
			isa = PBXGroup;
			children = (
				CB30BFD122840EBF0004061D /* SensorsAnalyticsSDK */,
				CB30C31022843D3A0004061D /* SensorsAnalyticsExtension */,
				CB6EBAE4228551EC003CFBA8 /* SensorsAnalyticsTests */,
				CB30BD5522840CA40004061D /* Products */,
				4D8CE4C522E872B400829B29 /* Frameworks */,
			);
			sourceTree = "<group>";
		};
		CB30BD5522840CA40004061D /* Products */ = {
			isa = PBXGroup;
			children = (
				CB30BD5422840CA40004061D /* SensorsAnalyticsSDK.framework */,
				CB30C30F22843D3A0004061D /* SensorsAnalyticsExtension.framework */,
				CB6EBAE3228551EC003CFBA8 /* SensorsAnalyticsTests.xctest */,
			);
			name = Products;
			sourceTree = "<group>";
		};
		CB30BFD122840EBF0004061D /* SensorsAnalyticsSDK */ = {
			isa = PBXGroup;
			children = (
				CB30C0AB22840F1B0004061D /* Resources */,
				CB30C02222840EBF0004061D /* HeatMap */,
				CB30C03422840EBF0004061D /* VisualizedAutoTrack */,
				CB6EBB7622857B4E003CFBA8 /* AutoTrack */,
				CB30C0AE228410620004061D /* Network */,
				4D017F3F22E70A7D00492D75 /* Encrypt */,
				CB30C00F22840EBF0004061D /* SAJSONUtil.h */,
				CB30BFEA22840EBF0004061D /* SAJSONUtil.m */,
				CB30C03122840EBF0004061D /* MessageQueueBySqlite.h */,
				CB30BFFF22840EBF0004061D /* MessageQueueBySqlite.m */,
				CB30BFD822840EBF0004061D /* NSInvocation+SAHelpers.h */,
				CB30C00522840EBF0004061D /* NSInvocation+SAHelpers.m */,
				CB30BFE822840EBF0004061D /* NSObject+SensorsAnalyticsDelegate.h */,
				CB30C01122840EBF0004061D /* NSObject+SensorsAnalyticsDelegate.m */,
				CB30C00922840EBF0004061D /* NSString+HashCode.h */,
				CB30BFD522840EBF0004061D /* NSString+HashCode.m */,
				CB30BFE122840EBF0004061D /* SAAbstractDesignerMessage.h */,
				CB30C01922840EBF0004061D /* SAAbstractDesignerMessage.m */,
				CB30C03022840EBF0004061D /* SAAlertController.h */,
				CB30BFF022840EBF0004061D /* SAAlertController.m */,
				CB30C02122840EBF0004061D /* SAAppExtensionDataManager.h */,
				CB30BFF722840EBF0004061D /* SAAppExtensionDataManager.m */,
				CB30C32722843E730004061D /* SAApplicationStateSerializer.h */,
				CB30C32822843E730004061D /* SAApplicationStateSerializer.m */,
				CB30BFF322840EBF0004061D /* SAAuxiliaryToolManager.h */,
				CB30C02B22840EBF0004061D /* SAAuxiliaryToolManager.m */,
				CB30BFDF22840EBF0004061D /* SAClassDescription.h */,
				CB30C01A22840EBF0004061D /* SAClassDescription.m */,
				CB30C01322840EBF0004061D /* SACommonUtility.h */,
				CB30BFE922840EBF0004061D /* SACommonUtility.m */,
				CB30BFEC22840EBF0004061D /* SAConfigOptions.h */,
				CB30C01022840EBF0004061D /* SAConfigOptions.m */,
				CB30BFE322840EBF0004061D /* SAConstants.h */,
				CB30C01822840EBF0004061D /* SAConstants.m */,
				CB30BFED22840EBF0004061D /* SAConstants+Private.h */,
				CB30C00322840EBF0004061D /* SADesignerMessage.h */,
				CB30BFEB22840EBF0004061D /* SADeviceOrientationManager.h */,
				CB30C00E22840EBF0004061D /* SADeviceOrientationManager.m */,
				CB30C01E22840EBF0004061D /* SAEnumDescription.h */,
				CB30BFFA22840EBF0004061D /* SAEnumDescription.m */,
				CB30BFF222840EBF0004061D /* SAGzipUtility.h */,
				CB30C02D22840EBF0004061D /* SAGzipUtility.m */,
				CB30C03222840EBF0004061D /* SAKeyChainItemWrapper.h */,
				CB30BFFE22840EBF0004061D /* SAKeyChainItemWrapper.m */,
				CB30BFEF22840EBF0004061D /* SALocationManager.h */,
				CB30C00C22840EBF0004061D /* SALocationManager.m */,
				CB30C03D22840EBF0004061D /* SALogger.h */,
				CB30BFFC22840EBF0004061D /* SALogger.m */,
				CB30BFD922840EBF0004061D /* SAObjectIdentityProvider.h */,
				CB30C00422840EBF0004061D /* SAObjectIdentityProvider.m */,
				CB30C01722840EBF0004061D /* SAObjectSelector.h */,
				CB30BFE222840EBF0004061D /* SAObjectSelector.m */,
				CB30BFF922840EBF0004061D /* SAObjectSerializer.h */,
				CB30C01F22840EBF0004061D /* SAObjectSerializer.m */,
				CB30BFF122840EBF0004061D /* SAObjectSerializerConfig.h */,
				CB30C02F22840EBF0004061D /* SAObjectSerializerConfig.m */,
				CB30BFDD22840EBF0004061D /* SAObjectSerializerContext.h */,
				CB30C01C22840EBF0004061D /* SAObjectSerializerContext.m */,
				CB30C02A22840EBF0004061D /* SAPropertyDescription.h */,
				CB30BFF522840EBF0004061D /* SAPropertyDescription.m */,
				CB30BFF422840EBF0004061D /* SAReachability.h */,
				CB30C02C22840EBF0004061D /* SAReachability.m */,
				CB30C01B22840EBF0004061D /* SASDKRemoteConfig.h */,
				CB30BFE022840EBF0004061D /* SASDKRemoteConfig.m */,
				CB30BFE422840EBF0004061D /* SASwizzle.h */,
				CB30C01422840EBF0004061D /* SASwizzle.m */,
				CB30C02022840EBF0004061D /* SASwizzler.h */,
				CB30BFF822840EBF0004061D /* SASwizzler.m */,
				CB30C00A22840EBF0004061D /* SATypeDescription.h */,
				CB30BFD222840EBF0004061D /* SATypeDescription.m */,
				CB30C03E22840EBF0004061D /* SAValueTransformers.h */,
				CB30BFFB22840EBF0004061D /* SAValueTransformers.m */,
				CB30C01222840EBF0004061D /* SensorsAnalyticsExceptionHandler.h */,
				CB30BFE722840EBF0004061D /* SensorsAnalyticsExceptionHandler.m */,
				CB30C00122840EBF0004061D /* SensorsAnalyticsSDK.h */,
				CB30BFDC22840EBF0004061D /* SensorsAnalyticsSDK.m */,
				CB30BFF622840EBF0004061D /* SensorsAnalyticsSDK+Private.h */,
				CB30BFD622840EBF0004061D /* UIView+SAHelpers.h */,
				CB30C00722840EBF0004061D /* UIView+SAHelpers.m */,
				FCBAF29E22FBCA3700D7CA38 /* SAWeakPropertyContainer.h */,
				FCBAF29F22FBCA3700D7CA38 /* SAWeakPropertyContainer.m */,
			);
			path = SensorsAnalyticsSDK;
			sourceTree = "<group>";
		};
		CB30C02222840EBF0004061D /* HeatMap */ = {
			isa = PBXGroup;
			children = (
				CB30C02322840EBF0004061D /* SAHeatMapSnapshotMessage.m */,
				CB30C02422840EBF0004061D /* SAHeatMapConnection.h */,
				CB30C02522840EBF0004061D /* SAAbstractHeatMapMessage.h */,
				CB30C02622840EBF0004061D /* SAHeatMapConnection.m */,
				CB30C02722840EBF0004061D /* SAHeatMapSnapshotMessage.h */,
				CB30C02822840EBF0004061D /* SAHeatMapMessage.h */,
				CB30C02922840EBF0004061D /* SAAbstractHeatMapMessage.m */,
			);
			path = HeatMap;
			sourceTree = "<group>";
		};
		CB30C03422840EBF0004061D /* VisualizedAutoTrack */ = {
			isa = PBXGroup;
			children = (
				CB30C03522840EBF0004061D /* SAVisualizedAutoTrackSnapshotMessage.m */,
				CB30C03622840EBF0004061D /* SAVisualizedAutoTrackMessage.h */,
				CB30C03722840EBF0004061D /* SAVisualizedAutoTrackConnection.m */,
				CB30C03822840EBF0004061D /* SAVisualizedAutoTrackAbstractMessage.h */,
				CB30C03922840EBF0004061D /* SAVisualizedAutoTrackSnapshotMessage.h */,
				CB30C03A22840EBF0004061D /* SAVisualizedAutoTrackAbstractMessage.m */,
				CB30C03B22840EBF0004061D /* SAVisualizedAutoTrackConnection.h */,
			);
			path = VisualizedAutoTrack;
			sourceTree = "<group>";
		};
		CB30C0AB22840F1B0004061D /* Resources */ = {
			isa = PBXGroup;
			children = (
				CB30C02E22840EBF0004061D /* SensorsAnalyticsSDK.bundle */,
			);
			name = Resources;
			sourceTree = "<group>";
		};
		CB30C0AE228410620004061D /* Network */ = {
			isa = PBXGroup;
			children = (
				CB30C00022840EBF0004061D /* SANetwork.h */,
				CB30BFDB22840EBF0004061D /* SANetwork.m */,
				CB30C00622840EBF0004061D /* SANetwork+URLUtils.h */,
				CB30BFD722840EBF0004061D /* SANetwork+URLUtils.m */,
				CB30C00B22840EBF0004061D /* SASecurityPolicy.h */,
				CB30BFD322840EBF0004061D /* SASecurityPolicy.m */,
			);
			name = Network;
			sourceTree = "<group>";
		};
		CB30C31022843D3A0004061D /* SensorsAnalyticsExtension */ = {
			isa = PBXGroup;
			children = (
				CB6EBAF72285546F003CFBA8 /* SALogger.h */,
				CB6EBAF82285546F003CFBA8 /* SALogger.m */,
				CB30C32422843E380004061D /* SAAppExtensionDataManager.h */,
				CB30C32322843E380004061D /* SAAppExtensionDataManager.m */,
				CB30C31122843D3A0004061D /* SensorsAnalyticsExtension.h */,
			);
			path = SensorsAnalyticsExtension;
			sourceTree = "<group>";
		};
		CB6EBAE4228551EC003CFBA8 /* SensorsAnalyticsTests */ = {
			isa = PBXGroup;
			children = (
				4D6A188D22978F5B00F6B218 /* AutoTrack */,
				CB6EBAEE22855222003CFBA8 /* Resources */,
				CB6EBAF222855222003CFBA8 /* SANetworkTests.m */,
				CB6EBAE5228551EC003CFBA8 /* SensorsAnalyticsTests.m */,
				CB6EBAE7228551EC003CFBA8 /* Info.plist */,
			);
			path = SensorsAnalyticsTests;
			sourceTree = "<group>";
		};
		CB6EBAEE22855222003CFBA8 /* Resources */ = {
			isa = PBXGroup;
			children = (
				CB6EBAEF22855222003CFBA8 /* cert.outdate.cer */,
				CB6EBAF022855222003CFBA8 /* ca.cer1 */,
				CB6EBAF122855222003CFBA8 /* ca.der.cer */,
			);
			path = Resources;
			sourceTree = "<group>";
		};
		CB6EBB7622857B4E003CFBA8 /* AutoTrack */ = {
			isa = PBXGroup;
			children = (
				CB6EBB9722857BC0003CFBA8 /* SAAutoTrackProperty.h */,
				CB6EBB9A22857BC0003CFBA8 /* SAAutoTrackUtils.h */,
				CB6EBB9922857BC0003CFBA8 /* SAAutoTrackUtils.m */,
				CBE4DF01228AA1CA00DDE07D /* UIViewController+AutoTrack.h */,
				CBE4DF02228AA1CB00DDE07D /* UIViewController+AutoTrack.m */,
				CB6EBB9422857BBF003CFBA8 /* UIApplication+AutoTrack.h */,
				CB6EBB9322857BBF003CFBA8 /* UIApplication+AutoTrack.m */,
				CB6EBB9222857BBF003CFBA8 /* UIGestureRecognizer+AutoTrack.h */,
				CB6EBB9122857BBF003CFBA8 /* UIGestureRecognizer+AutoTrack.m */,
				CB6EBB9622857BBF003CFBA8 /* UIView+AutoTrack.h */,
				CB6EBB9822857BC0003CFBA8 /* UIView+AutoTrack.m */,
			);
			name = AutoTrack;
			sourceTree = "<group>";
		};
/* End PBXGroup section */

/* Begin PBXHeadersBuildPhase section */
		CB30BD4F22840CA40004061D /* Headers */ = {
			isa = PBXHeadersBuildPhase;
			buildActionMask = 2147483647;
			files = (
				656D61F122EC453100E0DA06 /* SAEncryptUtils.h in Headers */,
				CB30C06E22840EC00004061D /* SensorsAnalyticsSDK.h in Headers */,
				CB30C05922840EC00004061D /* SAConfigOptions.h in Headers */,
				CB30C07822840EC00004061D /* SASecurityPolicy.h in Headers */,
				CB6EBBA522857BC0003CFBA8 /* SAAutoTrackUtils.h in Headers */,
				CB30C05022840EC00004061D /* SAConstants.h in Headers */,
				CB30C08E22840EC00004061D /* SAAppExtensionDataManager.h in Headers */,
				CB30C04622840EC00004061D /* SAObjectIdentityProvider.h in Headers */,
				CB30C05122840EC00004061D /* SASwizzle.h in Headers */,
				CB30C05A22840EC00004061D /* SAConstants+Private.h in Headers */,
				CB30C07622840EC00004061D /* NSString+HashCode.h in Headers */,
				CB30C06622840EC00004061D /* SAObjectSerializer.h in Headers */,
				CB30C07C22840EC00004061D /* SAJSONUtil.h in Headers */,
				CB30C09022840EC00004061D /* SAHeatMapConnection.h in Headers */,
				CB30C05F22840EC00004061D /* SAGzipUtility.h in Headers */,
				CB30C0A822840EC00004061D /* SALogger.h in Headers */,
				CB30C0A422840EC00004061D /* SAVisualizedAutoTrackSnapshotMessage.h in Headers */,
				CB30C04522840EC00004061D /* NSInvocation+SAHelpers.h in Headers */,
				CB30C09E22840EC00004061D /* SAKeyChainItemWrapper.h in Headers */,
				CB30C09422840EC00004061D /* SAHeatMapMessage.h in Headers */,
				CB6EBB9F22857BC0003CFBA8 /* UIApplication+AutoTrack.h in Headers */,
				CB30C0A322840EC00004061D /* SAVisualizedAutoTrackAbstractMessage.h in Headers */,
				CB30C05C22840EC00004061D /* SALocationManager.h in Headers */,
				CB30C06D22840EC00004061D /* SANetwork.h in Headers */,
				CB30C32922843E740004061D /* SAApplicationStateSerializer.h in Headers */,
				CB30C08D22840EC00004061D /* SASwizzler.h in Headers */,
				CBE4DF03228AA1CB00DDE07D /* UIViewController+AutoTrack.h in Headers */,
				CB30C07022840EC00004061D /* SADesignerMessage.h in Headers */,
				CB30C07722840EC00004061D /* SATypeDescription.h in Headers */,
				CB30C08422840EC00004061D /* SAObjectSelector.h in Headers */,
				CB30C09622840EC00004061D /* SAPropertyDescription.h in Headers */,
				CB6EBBA222857BC0003CFBA8 /* SAAutoTrackProperty.h in Headers */,
				FCBAF2A022FBCA3700D7CA38 /* SAWeakPropertyContainer.h in Headers */,
				CB30C0A122840EC00004061D /* SAVisualizedAutoTrackMessage.h in Headers */,
				CB30C06122840EC00004061D /* SAReachability.h in Headers */,
				CB30C09D22840EC00004061D /* MessageQueueBySqlite.h in Headers */,
				CB30C05E22840EC00004061D /* SAObjectSerializerConfig.h in Headers */,
				CB30C08B22840EC00004061D /* SAEnumDescription.h in Headers */,
				CB30C05822840EC00004061D /* SADeviceOrientationManager.h in Headers */,
				CB30C04A22840EC00004061D /* SAObjectSerializerContext.h in Headers */,
				CB30C0A622840EC00004061D /* SAVisualizedAutoTrackConnection.h in Headers */,
				CB30C09322840EC00004061D /* SAHeatMapSnapshotMessage.h in Headers */,
				CB30C08822840EC00004061D /* SASDKRemoteConfig.h in Headers */,
				CB6EBBA122857BC0003CFBA8 /* UIView+AutoTrack.h in Headers */,
				CB30C07F22840EC00004061D /* SensorsAnalyticsExceptionHandler.h in Headers */,
				CB30C08022840EC00004061D /* SACommonUtility.h in Headers */,
				CB30C07322840EC00004061D /* SANetwork+URLUtils.h in Headers */,
				CB30C04C22840EC00004061D /* SAClassDescription.h in Headers */,
				CB30C0A922840EC00004061D /* SAValueTransformers.h in Headers */,
				CB30C04322840EC00004061D /* UIView+SAHelpers.h in Headers */,
				CB30C05522840EC00004061D /* NSObject+SensorsAnalyticsDelegate.h in Headers */,
				4D017F4822E7108000492D75 /* SADataEncryptBuilder.h in Headers */,
				CB30C09122840EC00004061D /* SAAbstractHeatMapMessage.h in Headers */,
				CB30C09C22840EC00004061D /* SAAlertController.h in Headers */,
				CB30C04E22840EC00004061D /* SAAbstractDesignerMessage.h in Headers */,
				CB30C06322840EC00004061D /* SensorsAnalyticsSDK+Private.h in Headers */,
				CB30C06022840EC00004061D /* SAAuxiliaryToolManager.h in Headers */,
				CB6EBB9D22857BC0003CFBA8 /* UIGestureRecognizer+AutoTrack.h in Headers */,
			);
			runOnlyForDeploymentPostprocessing = 0;
		};
		CB30C30A22843D3A0004061D /* Headers */ = {
			isa = PBXHeadersBuildPhase;
			buildActionMask = 2147483647;
			files = (
				CB6EBAF92285546F003CFBA8 /* SALogger.h in Headers */,
				CB30C32622843E380004061D /* SAAppExtensionDataManager.h in Headers */,
				CB30C31322843D3A0004061D /* SensorsAnalyticsExtension.h in Headers */,
			);
			runOnlyForDeploymentPostprocessing = 0;
		};
/* End PBXHeadersBuildPhase section */

/* Begin PBXNativeTarget section */
		CB30BD5322840CA40004061D /* SensorsAnalyticsSDK */ = {
			isa = PBXNativeTarget;
			buildConfigurationList = CB30BD5C22840CA40004061D /* Build configuration list for PBXNativeTarget "SensorsAnalyticsSDK" */;
			buildPhases = (
				CB30BD4F22840CA40004061D /* Headers */,
				CB30BD5022840CA40004061D /* Sources */,
				CB30BD5122840CA40004061D /* Frameworks */,
				CB30BD5222840CA40004061D /* Resources */,
			);
			buildRules = (
			);
			dependencies = (
			);
			name = SensorsAnalyticsSDK;
			productName = SensorsAnalyticsSDK;
			productReference = CB30BD5422840CA40004061D /* SensorsAnalyticsSDK.framework */;
			productType = "com.apple.product-type.framework";
		};
		CB30C30E22843D3A0004061D /* SensorsAnalyticsExtension */ = {
			isa = PBXNativeTarget;
			buildConfigurationList = CB30C31422843D3A0004061D /* Build configuration list for PBXNativeTarget "SensorsAnalyticsExtension" */;
			buildPhases = (
				CB30C30A22843D3A0004061D /* Headers */,
				CB30C30B22843D3A0004061D /* Sources */,
				CB30C30C22843D3A0004061D /* Frameworks */,
				CB30C30D22843D3A0004061D /* Resources */,
			);
			buildRules = (
			);
			dependencies = (
			);
			name = SensorsAnalyticsExtension;
			productName = "SensorsAnalyticsSDK Extension";
			productReference = CB30C30F22843D3A0004061D /* SensorsAnalyticsExtension.framework */;
			productType = "com.apple.product-type.framework";
		};
		CB6EBAE2228551EC003CFBA8 /* SensorsAnalyticsTests */ = {
			isa = PBXNativeTarget;
			buildConfigurationList = CB6EBAEB228551ED003CFBA8 /* Build configuration list for PBXNativeTarget "SensorsAnalyticsTests" */;
			buildPhases = (
				CB6EBADF228551EC003CFBA8 /* Sources */,
				CB6EBAE0228551EC003CFBA8 /* Frameworks */,
				CB6EBAE1228551EC003CFBA8 /* Resources */,
			);
			buildRules = (
			);
			dependencies = (
				CB6EBAEA228551ED003CFBA8 /* PBXTargetDependency */,
			);
			name = SensorsAnalyticsTests;
			productName = SensorsAnalyticsTests;
			productReference = CB6EBAE3228551EC003CFBA8 /* SensorsAnalyticsTests.xctest */;
			productType = "com.apple.product-type.bundle.unit-test";
		};
/* End PBXNativeTarget section */

/* Begin PBXProject section */
		CB30BD4B22840CA40004061D /* Project object */ = {
			isa = PBXProject;
			attributes = {
				LastSwiftUpdateCheck = 1020;
				LastUpgradeCheck = 1020;
				ORGANIZATIONNAME = SensorsData;
				TargetAttributes = {
					CB30BD5322840CA40004061D = {
						CreatedOnToolsVersion = 10.2.1;
					};
					CB30C30E22843D3A0004061D = {
						CreatedOnToolsVersion = 10.2.1;
					};
					CB6EBAE2228551EC003CFBA8 = {
						CreatedOnToolsVersion = 10.2.1;
					};
				};
			};
			buildConfigurationList = CB30BD4E22840CA40004061D /* Build configuration list for PBXProject "SensorsAnalyticsSDK" */;
			compatibilityVersion = "Xcode 9.3";
			developmentRegion = en;
			hasScannedForEncodings = 0;
			knownRegions = (
				en,
				Base,
			);
			mainGroup = CB30BD4A22840CA40004061D;
			productRefGroup = CB30BD5522840CA40004061D /* Products */;
			projectDirPath = "";
			projectRoot = "";
			targets = (
				CB30BD5322840CA40004061D /* SensorsAnalyticsSDK */,
				CB30C30E22843D3A0004061D /* SensorsAnalyticsExtension */,
				CB6EBAE2228551EC003CFBA8 /* SensorsAnalyticsTests */,
			);
		};
/* End PBXProject section */

/* Begin PBXResourcesBuildPhase section */
		CB30BD5222840CA40004061D /* Resources */ = {
			isa = PBXResourcesBuildPhase;
			buildActionMask = 2147483647;
			files = (
				CB30C09A22840EC00004061D /* SensorsAnalyticsSDK.bundle in Resources */,
			);
			runOnlyForDeploymentPostprocessing = 0;
		};
		CB30C30D22843D3A0004061D /* Resources */ = {
			isa = PBXResourcesBuildPhase;
			buildActionMask = 2147483647;
			files = (
			);
			runOnlyForDeploymentPostprocessing = 0;
		};
		CB6EBAE1228551EC003CFBA8 /* Resources */ = {
			isa = PBXResourcesBuildPhase;
			buildActionMask = 2147483647;
			files = (
				CB6EBAF422855222003CFBA8 /* ca.cer1 in Resources */,
				CB6EBAF522855222003CFBA8 /* ca.der.cer in Resources */,
				CB6EBAF322855222003CFBA8 /* cert.outdate.cer in Resources */,
			);
			runOnlyForDeploymentPostprocessing = 0;
		};
/* End PBXResourcesBuildPhase section */

/* Begin PBXSourcesBuildPhase section */
		CB30BD5022840CA40004061D /* Sources */ = {
			isa = PBXSourcesBuildPhase;
			buildActionMask = 2147483647;
			files = (
				CB30C04422840EC00004061D /* SANetwork+URLUtils.m in Sources */,
				CB30C09922840EC00004061D /* SAGzipUtility.m in Sources */,
				CB30C06822840EC00004061D /* SAValueTransformers.m in Sources */,
				CB30C32A22843E740004061D /* SAApplicationStateSerializer.m in Sources */,
				CB6EBBA322857BC0003CFBA8 /* UIView+AutoTrack.m in Sources */,
				CB30C03F22840EC00004061D /* SATypeDescription.m in Sources */,
				CB30C04922840EC00004061D /* SensorsAnalyticsSDK.m in Sources */,
				CB30C07222840EC00004061D /* NSInvocation+SAHelpers.m in Sources */,
				CB30C08F22840EC00004061D /* SAHeatMapSnapshotMessage.m in Sources */,
				CB30C09522840EC00004061D /* SAAbstractHeatMapMessage.m in Sources */,
				CB30C07922840EC00004061D /* SALocationManager.m in Sources */,
				CB30C09B22840EC00004061D /* SAObjectSerializerConfig.m in Sources */,
				CB30C07122840EC00004061D /* SAObjectIdentityProvider.m in Sources */,
				CB30C08922840EC00004061D /* SAObjectSerializerContext.m in Sources */,
				CB30C07E22840EC00004061D /* NSObject+SensorsAnalyticsDelegate.m in Sources */,
				CB30C08522840EC00004061D /* SAConstants.m in Sources */,
				CB30C06522840EC00004061D /* SASwizzler.m in Sources */,
				CB30C04222840EC00004061D /* NSString+HashCode.m in Sources */,
				CB30C06B22840EC00004061D /* SAKeyChainItemWrapper.m in Sources */,
				CB30C07B22840EC00004061D /* SADeviceOrientationManager.m in Sources */,
				FCBAF2A122FBCA3700D7CA38 /* SAWeakPropertyContainer.m in Sources */,
				CB30C0A222840EC00004061D /* SAVisualizedAutoTrackConnection.m in Sources */,
				CB30C07D22840EC00004061D /* SAConfigOptions.m in Sources */,
				CB30C05722840EC00004061D /* SAJSONUtil.m in Sources */,
				CB30C04822840EC00004061D /* SANetwork.m in Sources */,
				CB30C08122840EC00004061D /* SASwizzle.m in Sources */,
				CB30C06922840EC00004061D /* SALogger.m in Sources */,
				CB6EBBA422857BC0003CFBA8 /* SAAutoTrackUtils.m in Sources */,
				CB30C08722840EC00004061D /* SAClassDescription.m in Sources */,
				CB30C06222840EC00004061D /* SAPropertyDescription.m in Sources */,
				CB30C05622840EC00004061D /* SACommonUtility.m in Sources */,
				CB30C09222840EC00004061D /* SAHeatMapConnection.m in Sources */,
				CB6EBB9C22857BC0003CFBA8 /* UIGestureRecognizer+AutoTrack.m in Sources */,
				CB30C08622840EC00004061D /* SAAbstractDesignerMessage.m in Sources */,
				CB30C08C22840EC00004061D /* SAObjectSerializer.m in Sources */,
				CBE4DF04228AA1CB00DDE07D /* UIViewController+AutoTrack.m in Sources */,
				CB30C04D22840EC00004061D /* SASDKRemoteConfig.m in Sources */,
				CB30C05422840EC00004061D /* SensorsAnalyticsExceptionHandler.m in Sources */,
				CB30C04022840EC00004061D /* SASecurityPolicy.m in Sources */,
				CB30C09822840EC00004061D /* SAReachability.m in Sources */,
				CB30C0A522840EC00004061D /* SAVisualizedAutoTrackAbstractMessage.m in Sources */,
				CB30C09722840EC00004061D /* SAAuxiliaryToolManager.m in Sources */,
				CB30C0A022840EC00004061D /* SAVisualizedAutoTrackSnapshotMessage.m in Sources */,
				CB30C07422840EC00004061D /* UIView+SAHelpers.m in Sources */,
				CB30C06422840EC00004061D /* SAAppExtensionDataManager.m in Sources */,
				4D017F4922E7108000492D75 /* SADataEncryptBuilder.m in Sources */,
				CB30C06722840EC00004061D /* SAEnumDescription.m in Sources */,
				CB6EBB9E22857BC0003CFBA8 /* UIApplication+AutoTrack.m in Sources */,
				CB30C05D22840EC00004061D /* SAAlertController.m in Sources */,
				656D61F022EC453100E0DA06 /* SAEncryptUtils.m in Sources */,
				CB30C06C22840EC00004061D /* MessageQueueBySqlite.m in Sources */,
				CB30C04F22840EC00004061D /* SAObjectSelector.m in Sources */,
			);
			runOnlyForDeploymentPostprocessing = 0;
		};
		CB30C30B22843D3A0004061D /* Sources */ = {
			isa = PBXSourcesBuildPhase;
			buildActionMask = 2147483647;
			files = (
				CB30C32522843E380004061D /* SAAppExtensionDataManager.m in Sources */,
				CB6EBAFA2285546F003CFBA8 /* SALogger.m in Sources */,
			);
			runOnlyForDeploymentPostprocessing = 0;
		};
		CB6EBADF228551EC003CFBA8 /* Sources */ = {
			isa = PBXSourcesBuildPhase;
			buildActionMask = 2147483647;
			files = (
				4D6A189222978F5B00F6B218 /* SAAutoTrackUtilsTest.m in Sources */,
				CB6EBAF622855222003CFBA8 /* SANetworkTests.m in Sources */,
				CB6EBAE6228551EC003CFBA8 /* SensorsAnalyticsTests.m in Sources */,
				4D6A189122978F5B00F6B218 /* ElementViewController.m in Sources */,
			);
			runOnlyForDeploymentPostprocessing = 0;
		};
/* End PBXSourcesBuildPhase section */

/* Begin PBXTargetDependency section */
		CB6EBAEA228551ED003CFBA8 /* PBXTargetDependency */ = {
			isa = PBXTargetDependency;
			target = CB30BD5322840CA40004061D /* SensorsAnalyticsSDK */;
			targetProxy = CB6EBAE9228551ED003CFBA8 /* PBXContainerItemProxy */;
		};
/* End PBXTargetDependency section */

/* Begin XCBuildConfiguration section */
		CB30BD5A22840CA40004061D /* Debug */ = {
			isa = XCBuildConfiguration;
			buildSettings = {
				ALWAYS_SEARCH_USER_PATHS = NO;
				CLANG_ANALYZER_NONNULL = YES;
				CLANG_ANALYZER_NUMBER_OBJECT_CONVERSION = YES_AGGRESSIVE;
				CLANG_CXX_LANGUAGE_STANDARD = "gnu++14";
				CLANG_CXX_LIBRARY = "libc++";
				CLANG_ENABLE_MODULES = YES;
				CLANG_ENABLE_OBJC_ARC = YES;
				CLANG_ENABLE_OBJC_WEAK = YES;
				CLANG_WARN_BLOCK_CAPTURE_AUTORELEASING = YES;
				CLANG_WARN_BOOL_CONVERSION = YES;
				CLANG_WARN_COMMA = YES;
				CLANG_WARN_CONSTANT_CONVERSION = YES;
				CLANG_WARN_DEPRECATED_OBJC_IMPLEMENTATIONS = YES;
				CLANG_WARN_DIRECT_OBJC_ISA_USAGE = YES_ERROR;
				CLANG_WARN_DOCUMENTATION_COMMENTS = YES;
				CLANG_WARN_EMPTY_BODY = YES;
				CLANG_WARN_ENUM_CONVERSION = YES;
				CLANG_WARN_INFINITE_RECURSION = YES;
				CLANG_WARN_INT_CONVERSION = YES;
				CLANG_WARN_NON_LITERAL_NULL_CONVERSION = YES;
				CLANG_WARN_OBJC_IMPLICIT_RETAIN_SELF = YES;
				CLANG_WARN_OBJC_LITERAL_CONVERSION = YES;
				CLANG_WARN_OBJC_ROOT_CLASS = YES_ERROR;
				CLANG_WARN_RANGE_LOOP_ANALYSIS = YES;
				CLANG_WARN_STRICT_PROTOTYPES = YES;
				CLANG_WARN_SUSPICIOUS_MOVE = YES;
				CLANG_WARN_UNGUARDED_AVAILABILITY = YES_AGGRESSIVE;
				CLANG_WARN_UNREACHABLE_CODE = YES;
				CLANG_WARN__DUPLICATE_METHOD_MATCH = YES;
				CODE_SIGN_IDENTITY = "iPhone Developer";
				COPY_PHASE_STRIP = NO;
				CURRENT_PROJECT_VERSION = 1;
				DEBUG_INFORMATION_FORMAT = dwarf;
				ENABLE_STRICT_OBJC_MSGSEND = YES;
				ENABLE_TESTABILITY = YES;
				GCC_C_LANGUAGE_STANDARD = gnu11;
				GCC_DYNAMIC_NO_PIC = NO;
				GCC_NO_COMMON_BLOCKS = YES;
				GCC_OPTIMIZATION_LEVEL = 0;
				GCC_PREPROCESSOR_DEFINITIONS = (
					"DEBUG=1",
					"$(inherited)",
				);
				GCC_WARN_64_TO_32_BIT_CONVERSION = YES;
				GCC_WARN_ABOUT_RETURN_TYPE = YES_ERROR;
				GCC_WARN_UNDECLARED_SELECTOR = YES;
				GCC_WARN_UNINITIALIZED_AUTOS = YES_AGGRESSIVE;
				GCC_WARN_UNUSED_FUNCTION = YES;
				GCC_WARN_UNUSED_VARIABLE = YES;
				IPHONEOS_DEPLOYMENT_TARGET = 7.0;
				MTL_ENABLE_DEBUG_INFO = INCLUDE_SOURCE;
				MTL_FAST_MATH = YES;
				ONLY_ACTIVE_ARCH = YES;
				SDKROOT = iphoneos;
				VERSIONING_SYSTEM = "apple-generic";
				VERSION_INFO_PREFIX = "";
			};
			name = Debug;
		};
		CB30BD5B22840CA40004061D /* Release */ = {
			isa = XCBuildConfiguration;
			buildSettings = {
				ALWAYS_SEARCH_USER_PATHS = NO;
				CLANG_ANALYZER_NONNULL = YES;
				CLANG_ANALYZER_NUMBER_OBJECT_CONVERSION = YES_AGGRESSIVE;
				CLANG_CXX_LANGUAGE_STANDARD = "gnu++14";
				CLANG_CXX_LIBRARY = "libc++";
				CLANG_ENABLE_MODULES = YES;
				CLANG_ENABLE_OBJC_ARC = YES;
				CLANG_ENABLE_OBJC_WEAK = YES;
				CLANG_WARN_BLOCK_CAPTURE_AUTORELEASING = YES;
				CLANG_WARN_BOOL_CONVERSION = YES;
				CLANG_WARN_COMMA = YES;
				CLANG_WARN_CONSTANT_CONVERSION = YES;
				CLANG_WARN_DEPRECATED_OBJC_IMPLEMENTATIONS = YES;
				CLANG_WARN_DIRECT_OBJC_ISA_USAGE = YES_ERROR;
				CLANG_WARN_DOCUMENTATION_COMMENTS = YES;
				CLANG_WARN_EMPTY_BODY = YES;
				CLANG_WARN_ENUM_CONVERSION = YES;
				CLANG_WARN_INFINITE_RECURSION = YES;
				CLANG_WARN_INT_CONVERSION = YES;
				CLANG_WARN_NON_LITERAL_NULL_CONVERSION = YES;
				CLANG_WARN_OBJC_IMPLICIT_RETAIN_SELF = YES;
				CLANG_WARN_OBJC_LITERAL_CONVERSION = YES;
				CLANG_WARN_OBJC_ROOT_CLASS = YES_ERROR;
				CLANG_WARN_RANGE_LOOP_ANALYSIS = YES;
				CLANG_WARN_STRICT_PROTOTYPES = YES;
				CLANG_WARN_SUSPICIOUS_MOVE = YES;
				CLANG_WARN_UNGUARDED_AVAILABILITY = YES_AGGRESSIVE;
				CLANG_WARN_UNREACHABLE_CODE = YES;
				CLANG_WARN__DUPLICATE_METHOD_MATCH = YES;
				CODE_SIGN_IDENTITY = "iPhone Developer";
				COPY_PHASE_STRIP = NO;
				CURRENT_PROJECT_VERSION = 1;
				DEBUG_INFORMATION_FORMAT = "dwarf-with-dsym";
				ENABLE_NS_ASSERTIONS = NO;
				ENABLE_STRICT_OBJC_MSGSEND = YES;
				GCC_C_LANGUAGE_STANDARD = gnu11;
				GCC_NO_COMMON_BLOCKS = YES;
				GCC_WARN_64_TO_32_BIT_CONVERSION = YES;
				GCC_WARN_ABOUT_RETURN_TYPE = YES_ERROR;
				GCC_WARN_UNDECLARED_SELECTOR = YES;
				GCC_WARN_UNINITIALIZED_AUTOS = YES_AGGRESSIVE;
				GCC_WARN_UNUSED_FUNCTION = YES;
				GCC_WARN_UNUSED_VARIABLE = YES;
				IPHONEOS_DEPLOYMENT_TARGET = 7.0;
				MTL_ENABLE_DEBUG_INFO = NO;
				MTL_FAST_MATH = YES;
				SDKROOT = iphoneos;
				VALIDATE_PRODUCT = YES;
				VERSIONING_SYSTEM = "apple-generic";
				VERSION_INFO_PREFIX = "";
			};
			name = Release;
		};
		CB30BD5D22840CA40004061D /* Debug */ = {
			isa = XCBuildConfiguration;
			buildSettings = {
				CODE_SIGN_IDENTITY = "";
				CODE_SIGN_STYLE = Automatic;
				DEFINES_MODULE = YES;
				DEVELOPMENT_TEAM = 75FYWDWHL5;
				DYLIB_COMPATIBILITY_VERSION = 1;
				DYLIB_CURRENT_VERSION = 1;
				DYLIB_INSTALL_NAME_BASE = "@rpath";
				GCC_PREPROCESSOR_DEFINITIONS = "$(inherited)";
				INFOPLIST_FILE = "$(SRCROOT)/SupportingFiles/SensorsAnalyticsSDK-Info.plist";
				INSTALL_PATH = "$(LOCAL_LIBRARY_DIR)/Frameworks";
				IPHONEOS_DEPLOYMENT_TARGET = 8.0;
				LD_RUNPATH_SEARCH_PATHS = (
					"$(inherited)",
					"@executable_path/Frameworks",
					"@loader_path/Frameworks",
				);
				MODULEMAP_FILE = "";
				PRODUCT_BUNDLE_IDENTIFIER = cn.sensorsdata.SensorsAnalyticsSDK;
				PRODUCT_NAME = "$(TARGET_NAME:c99extidentifier)";
				SKIP_INSTALL = YES;
				TARGETED_DEVICE_FAMILY = "1,2";
			};
			name = Debug;
		};
		CB30BD5E22840CA40004061D /* Release */ = {
			isa = XCBuildConfiguration;
			buildSettings = {
				CODE_SIGN_IDENTITY = "";
				CODE_SIGN_STYLE = Automatic;
				DEFINES_MODULE = YES;
				DEVELOPMENT_TEAM = 75FYWDWHL5;
				DYLIB_COMPATIBILITY_VERSION = 1;
				DYLIB_CURRENT_VERSION = 1;
				DYLIB_INSTALL_NAME_BASE = "@rpath";
				INFOPLIST_FILE = "$(SRCROOT)/SupportingFiles/SensorsAnalyticsSDK-Info.plist";
				INSTALL_PATH = "$(LOCAL_LIBRARY_DIR)/Frameworks";
				IPHONEOS_DEPLOYMENT_TARGET = 8.0;
				LD_RUNPATH_SEARCH_PATHS = (
					"$(inherited)",
					"@executable_path/Frameworks",
					"@loader_path/Frameworks",
				);
				MODULEMAP_FILE = "";
				PRODUCT_BUNDLE_IDENTIFIER = cn.sensorsdata.SensorsAnalyticsSDK;
				PRODUCT_NAME = "$(TARGET_NAME:c99extidentifier)";
				SKIP_INSTALL = YES;
				TARGETED_DEVICE_FAMILY = "1,2";
			};
			name = Release;
		};
		CB30C31522843D3A0004061D /* Debug */ = {
			isa = XCBuildConfiguration;
			buildSettings = {
				APPLICATION_EXTENSION_API_ONLY = YES;
				CODE_SIGN_IDENTITY = "";
				CODE_SIGN_STYLE = Automatic;
				DEFINES_MODULE = YES;
				DEVELOPMENT_TEAM = 75FYWDWHL5;
				DYLIB_COMPATIBILITY_VERSION = 1;
				DYLIB_CURRENT_VERSION = 1;
				DYLIB_INSTALL_NAME_BASE = "@rpath";
				HEADER_SEARCH_PATHS = "";
				INFOPLIST_FILE = "$(SRCROOT)/SupportingFiles/SensorsAnalyticsExtension-Info.plist";
				INSTALL_PATH = "$(LOCAL_LIBRARY_DIR)/Frameworks";
				IPHONEOS_DEPLOYMENT_TARGET = 8.0;
				LD_RUNPATH_SEARCH_PATHS = (
					"$(inherited)",
					"@executable_path/Frameworks",
					"@loader_path/Frameworks",
				);
				MODULEMAP_FILE = "";
				MODULEMAP_PRIVATE_FILE = "";
				PRODUCT_BUNDLE_IDENTIFIER = "cn.sensorsdata.SensorsAnalyticsSDK-Extension";
				PRODUCT_NAME = "$(TARGET_NAME:c99extidentifier)";
				SKIP_INSTALL = YES;
				TARGETED_DEVICE_FAMILY = "1,2";
			};
			name = Debug;
		};
		CB30C31622843D3A0004061D /* Release */ = {
			isa = XCBuildConfiguration;
			buildSettings = {
				APPLICATION_EXTENSION_API_ONLY = YES;
				CODE_SIGN_IDENTITY = "";
				CODE_SIGN_STYLE = Automatic;
				DEFINES_MODULE = YES;
				DEVELOPMENT_TEAM = 75FYWDWHL5;
				DYLIB_COMPATIBILITY_VERSION = 1;
				DYLIB_CURRENT_VERSION = 1;
				DYLIB_INSTALL_NAME_BASE = "@rpath";
				HEADER_SEARCH_PATHS = "";
				INFOPLIST_FILE = "$(SRCROOT)/SupportingFiles/SensorsAnalyticsExtension-Info.plist";
				INSTALL_PATH = "$(LOCAL_LIBRARY_DIR)/Frameworks";
				IPHONEOS_DEPLOYMENT_TARGET = 8.0;
				LD_RUNPATH_SEARCH_PATHS = (
					"$(inherited)",
					"@executable_path/Frameworks",
					"@loader_path/Frameworks",
				);
				MODULEMAP_FILE = "";
				MODULEMAP_PRIVATE_FILE = "";
				PRODUCT_BUNDLE_IDENTIFIER = "cn.sensorsdata.SensorsAnalyticsSDK-Extension";
				PRODUCT_NAME = "$(TARGET_NAME:c99extidentifier)";
				SKIP_INSTALL = YES;
				TARGETED_DEVICE_FAMILY = "1,2";
			};
			name = Release;
		};
		CB6EBAEC228551ED003CFBA8 /* Debug */ = {
			isa = XCBuildConfiguration;
			buildSettings = {
				CODE_SIGN_STYLE = Automatic;
				DEVELOPMENT_TEAM = 75FYWDWHL5;
				INFOPLIST_FILE = SensorsAnalyticsTests/Info.plist;
				IPHONEOS_DEPLOYMENT_TARGET = 8.0;
				LD_RUNPATH_SEARCH_PATHS = (
					"$(inherited)",
					"@executable_path/Frameworks",
					"@loader_path/Frameworks",
				);
				PRODUCT_BUNDLE_IDENTIFIER = cn.sensorsdata.SensorsAnalyticsTests;
				PRODUCT_NAME = "$(TARGET_NAME)";
				TARGETED_DEVICE_FAMILY = "1,2";
			};
			name = Debug;
		};
		CB6EBAED228551ED003CFBA8 /* Release */ = {
			isa = XCBuildConfiguration;
			buildSettings = {
				CODE_SIGN_STYLE = Automatic;
				DEVELOPMENT_TEAM = 75FYWDWHL5;
				INFOPLIST_FILE = SensorsAnalyticsTests/Info.plist;
				IPHONEOS_DEPLOYMENT_TARGET = 8.0;
				LD_RUNPATH_SEARCH_PATHS = (
					"$(inherited)",
					"@executable_path/Frameworks",
					"@loader_path/Frameworks",
				);
				PRODUCT_BUNDLE_IDENTIFIER = cn.sensorsdata.SensorsAnalyticsTests;
				PRODUCT_NAME = "$(TARGET_NAME)";
				TARGETED_DEVICE_FAMILY = "1,2";
			};
			name = Release;
		};
/* End XCBuildConfiguration section */

/* Begin XCConfigurationList section */
		CB30BD4E22840CA40004061D /* Build configuration list for PBXProject "SensorsAnalyticsSDK" */ = {
			isa = XCConfigurationList;
			buildConfigurations = (
				CB30BD5A22840CA40004061D /* Debug */,
				CB30BD5B22840CA40004061D /* Release */,
			);
			defaultConfigurationIsVisible = 0;
			defaultConfigurationName = Release;
		};
		CB30BD5C22840CA40004061D /* Build configuration list for PBXNativeTarget "SensorsAnalyticsSDK" */ = {
			isa = XCConfigurationList;
			buildConfigurations = (
				CB30BD5D22840CA40004061D /* Debug */,
				CB30BD5E22840CA40004061D /* Release */,
			);
			defaultConfigurationIsVisible = 0;
			defaultConfigurationName = Release;
		};
		CB30C31422843D3A0004061D /* Build configuration list for PBXNativeTarget "SensorsAnalyticsExtension" */ = {
			isa = XCConfigurationList;
			buildConfigurations = (
				CB30C31522843D3A0004061D /* Debug */,
				CB30C31622843D3A0004061D /* Release */,
			);
			defaultConfigurationIsVisible = 0;
			defaultConfigurationName = Release;
		};
		CB6EBAEB228551ED003CFBA8 /* Build configuration list for PBXNativeTarget "SensorsAnalyticsTests" */ = {
			isa = XCConfigurationList;
			buildConfigurations = (
				CB6EBAEC228551ED003CFBA8 /* Debug */,
				CB6EBAED228551ED003CFBA8 /* Release */,
			);
			defaultConfigurationIsVisible = 0;
			defaultConfigurationName = Release;
		};
/* End XCConfigurationList section */
	};
	rootObject = CB30BD4B22840CA40004061D /* Project object */;
}
