PODS:
  - SensorsAnalytics_DeviceOrientation (5.0.9):
    - SensorsAnalytics_DeviceOrientation/Core (= 5.0.9)
    - SensorsAnalyticsSDK (>= 5.0.0)
  - SensorsAnalytics_DeviceOrientation/Core (5.0.9):
    - SensorsAnalyticsSDK (>= 5.0.0)
  - SensorsAnalytics_Location (5.0.9):
    - SensorsAnalytics_Location/Core (= 5.0.9)
    - SensorsAnalyticsSDK (>= 5.0.0)
  - SensorsAnalytics_Location/Core (5.0.9):
    - SensorsAnalyticsSDK (>= 5.0.0)
  - SensorsAnalyticsSDK (5.0.9):
    - SensorsAnalyticsSDK/Core (= 5.0.9)
  - SensorsAnalyticsSDK/Core (5.0.9)

DEPENDENCIES:
  - SensorsAnalytics_DeviceOrientation (from `../../SensorsAnalytics_DeviceOrientation.podspec`)
  - SensorsAnalytics_Location (from `../../SensorsAnalytics_Location.podspec`)
  - SensorsAnalyticsSDK (from `../../SensorsAnalyticsSDK.podspec`)

EXTERNAL SOURCES:
  SensorsAnalytics_DeviceOrientation:
    :path: "../../SensorsAnalytics_DeviceOrientation.podspec"
  SensorsAnalytics_Location:
    :path: "../../SensorsAnalytics_Location.podspec"
  SensorsAnalyticsSDK:
    :path: "../../SensorsAnalyticsSDK.podspec"

SPEC CHECKSUMS:
  SensorsAnalytics_DeviceOrientation: 507284e730caa1e8feef60eb7e53c967b2780737
  SensorsAnalytics_Location: b8b4ab2d9f3342ac0c0ed60c8bbbb797966f1702
  SensorsAnalyticsSDK: 1d507720d598ca47636bd478c2009b3cb6b6857e

PODFILE CHECKSUM: 95780beccdd941c7473788d8d0187de3d6e634b6

COCOAPODS: 1.16.2
