PODS:
  - SensorsAnalytics_DeviceOrientation (5.0.10):
    - SensorsAnalytics_DeviceOrientation/Core (= 5.0.10)
    - SensorsAnalyticsSDK (>= 5.0.0)
  - SensorsAnalytics_DeviceOrientation/Core (5.0.10):
    - SensorsAnalyticsSDK (>= 5.0.0)
  - SensorsAnalytics_Location (5.0.10):
    - SensorsAnalytics_Location/Core (= 5.0.10)
    - SensorsAnalyticsSDK (>= 5.0.0)
  - SensorsAnalytics_Location/Core (5.0.10):
    - SensorsAnalyticsSDK (>= 5.0.0)
  - SensorsAnalyticsSDK (5.0.10):
    - SensorsAnalyticsSDK/Core (= 5.0.10)
  - SensorsAnalyticsSDK/Core (5.0.10)

DEPENDENCIES:
  - SensorsAnalytics_DeviceOrientation (from `../../SensorsAnalytics_DeviceOrientation.podspec`)
  - SensorsAnalytics_Location (from `../../SensorsAnalytics_Location.podspec`)
  - SensorsAnalyticsSDK (from `../../SensorsAnalyticsSDK.podspec`)

EXTERNAL SOURCES:
  SensorsAnalytics_DeviceOrientation:
    :path: "../../SensorsAnalytics_DeviceOrientation.podspec"
  SensorsAnalytics_Location:
    :path: "../../SensorsAnalytics_Location.podspec"
  SensorsAnalyticsSDK:
    :path: "../../SensorsAnalyticsSDK.podspec"

SPEC CHECKSUMS:
  SensorsAnalytics_DeviceOrientation: 9014b05f83140e856e20167b4848393131d082dd
  SensorsAnalytics_Location: bb8d8fffa628efe8d1d4e0a52851572d75b2f631
  SensorsAnalyticsSDK: 93e7c6c040e98725e4a9782d73ce958536d21769

PODFILE CHECKSUM: 787c6de069e435f82b1ff036b225fe88e947d1a3

COCOAPODS: 1.16.2
